# This file is automatically @generated by Poetry 2.1.1 and should not be changed by hand.

[[package]]
name = "anyio"
version = "4.8.0"
description = "High level compatibility layer for multiple asynchronous event loop implementations"
optional = false
python-versions = ">=3.9"
groups = ["main"]
files = [
    {file = "anyio-4.8.0-py3-none-any.whl", hash = "sha256:b5011f270ab5eb0abf13385f851315585cc37ef330dd88e27ec3d34d651fd47a"},
    {file = "anyio-4.8.0.tar.gz", hash = "sha256:1d9fe889df5212298c0c0723fa20479d1b94883a2df44bd3897aa91083316f7a"},
]

[package.dependencies]
idna = ">=2.8"
sniffio = ">=1.1"
typing_extensions = {version = ">=4.5", markers = "python_version < \"3.13\""}

[package.extras]
doc = ["Sphinx (>=7.4,<8.0)", "packaging", "sphinx-autodoc-typehints (>=1.2.0)", "sphinx_rtd_theme"]
test = ["anyio[trio]", "coverage[toml] (>=7)", "exceptiongroup (>=1.2.0)", "hypothesis (>=4.0)", "psutil (>=5.9)", "pytest (>=7.0)", "trustme", "truststore (>=0.9.1) ; python_version >= \"3.10\"", "uvloop (>=0.21) ; platform_python_implementation == \"CPython\" and platform_system != \"Windows\" and python_version < \"3.14\""]
trio = ["trio (>=0.26.1)"]

[[package]]
name = "certifi"
version = "2025.1.31"
description = "Python package for providing Mozilla's CA Bundle."
optional = false
python-versions = ">=3.6"
groups = ["main"]
files = [
    {file = "certifi-2025.1.31-py3-none-any.whl", hash = "sha256:ca78db4565a652026a4db2bcdf68f2fb589ea80d0be70e03929ed730746b84fe"},
    {file = "certifi-2025.1.31.tar.gz", hash = "sha256:3d5da6925056f6f18f119200434a4780a94263f10d1c21d032a6f6b2baa20651"},
]

[[package]]
name = "colorama"
version = "0.4.6"
description = "Cross-platform colored terminal text."
optional = false
python-versions = "!=3.0.*,!=3.1.*,!=3.2.*,!=3.3.*,!=3.4.*,!=3.5.*,!=3.6.*,>=2.7"
groups = ["main", "dev"]
markers = "sys_platform == \"win32\""
files = [
    {file = "colorama-0.4.6-py2.py3-none-any.whl", hash = "sha256:4f1d9991f5acc0ca119f9d443620b77f9d6b33703e51011c16baf57afb285fc6"},
    {file = "colorama-0.4.6.tar.gz", hash = "sha256:08695f5cb7ed6e0531a20572697297273c47b8cae5a63ffc6d6ed5c201be6e44"},
]

[[package]]
name = "coverage"
version = "7.6.12"
description = "Code coverage measurement for Python"
optional = false
python-versions = ">=3.9"
groups = ["main"]
files = [
    {file = "coverage-7.6.12-cp310-cp310-macosx_10_9_x86_64.whl", hash = "sha256:704c8c8c6ce6569286ae9622e534b4f5b9759b6f2cd643f1c1a61f666d534fe8"},
    {file = "coverage-7.6.12-cp310-cp310-macosx_11_0_arm64.whl", hash = "sha256:ad7525bf0241e5502168ae9c643a2f6c219fa0a283001cee4cf23a9b7da75879"},
    {file = "coverage-7.6.12-cp310-cp310-manylinux_2_17_aarch64.manylinux2014_aarch64.whl", hash = "sha256:06097c7abfa611c91edb9e6920264e5be1d6ceb374efb4986f38b09eed4cb2fe"},
    {file = "coverage-7.6.12-cp310-cp310-manylinux_2_5_i686.manylinux1_i686.manylinux_2_17_i686.manylinux2014_i686.whl", hash = "sha256:220fa6c0ad7d9caef57f2c8771918324563ef0d8272c94974717c3909664e674"},
    {file = "coverage-7.6.12-cp310-cp310-manylinux_2_5_x86_64.manylinux1_x86_64.manylinux_2_17_x86_64.manylinux2014_x86_64.whl", hash = "sha256:3688b99604a24492bcfe1c106278c45586eb819bf66a654d8a9a1433022fb2eb"},
    {file = "coverage-7.6.12-cp310-cp310-musllinux_1_2_aarch64.whl", hash = "sha256:d1a987778b9c71da2fc8948e6f2656da6ef68f59298b7e9786849634c35d2c3c"},
    {file = "coverage-7.6.12-cp310-cp310-musllinux_1_2_i686.whl", hash = "sha256:cec6b9ce3bd2b7853d4a4563801292bfee40b030c05a3d29555fd2a8ee9bd68c"},
    {file = "coverage-7.6.12-cp310-cp310-musllinux_1_2_x86_64.whl", hash = "sha256:ace9048de91293e467b44bce0f0381345078389814ff6e18dbac8fdbf896360e"},
    {file = "coverage-7.6.12-cp310-cp310-win32.whl", hash = "sha256:ea31689f05043d520113e0552f039603c4dd71fa4c287b64cb3606140c66f425"},
    {file = "coverage-7.6.12-cp310-cp310-win_amd64.whl", hash = "sha256:676f92141e3c5492d2a1596d52287d0d963df21bf5e55c8b03075a60e1ddf8aa"},
    {file = "coverage-7.6.12-cp311-cp311-macosx_10_9_x86_64.whl", hash = "sha256:e18aafdfb3e9ec0d261c942d35bd7c28d031c5855dadb491d2723ba54f4c3015"},
    {file = "coverage-7.6.12-cp311-cp311-macosx_11_0_arm64.whl", hash = "sha256:66fe626fd7aa5982cdebad23e49e78ef7dbb3e3c2a5960a2b53632f1f703ea45"},
    {file = "coverage-7.6.12-cp311-cp311-manylinux_2_17_aarch64.manylinux2014_aarch64.whl", hash = "sha256:0ef01d70198431719af0b1f5dcbefc557d44a190e749004042927b2a3fed0702"},
    {file = "coverage-7.6.12-cp311-cp311-manylinux_2_5_i686.manylinux1_i686.manylinux_2_17_i686.manylinux2014_i686.whl", hash = "sha256:07e92ae5a289a4bc4c0aae710c0948d3c7892e20fd3588224ebe242039573bf0"},
    {file = "coverage-7.6.12-cp311-cp311-manylinux_2_5_x86_64.manylinux1_x86_64.manylinux_2_17_x86_64.manylinux2014_x86_64.whl", hash = "sha256:e695df2c58ce526eeab11a2e915448d3eb76f75dffe338ea613c1201b33bab2f"},
    {file = "coverage-7.6.12-cp311-cp311-musllinux_1_2_aarch64.whl", hash = "sha256:d74c08e9aaef995f8c4ef6d202dbd219c318450fe2a76da624f2ebb9c8ec5d9f"},
    {file = "coverage-7.6.12-cp311-cp311-musllinux_1_2_i686.whl", hash = "sha256:e995b3b76ccedc27fe4f477b349b7d64597e53a43fc2961db9d3fbace085d69d"},
    {file = "coverage-7.6.12-cp311-cp311-musllinux_1_2_x86_64.whl", hash = "sha256:b1f097878d74fe51e1ddd1be62d8e3682748875b461232cf4b52ddc6e6db0bba"},
    {file = "coverage-7.6.12-cp311-cp311-win32.whl", hash = "sha256:1f7ffa05da41754e20512202c866d0ebfc440bba3b0ed15133070e20bf5aeb5f"},
    {file = "coverage-7.6.12-cp311-cp311-win_amd64.whl", hash = "sha256:e216c5c45f89ef8971373fd1c5d8d1164b81f7f5f06bbf23c37e7908d19e8558"},
    {file = "coverage-7.6.12-cp312-cp312-macosx_10_13_x86_64.whl", hash = "sha256:b172f8e030e8ef247b3104902cc671e20df80163b60a203653150d2fc204d1ad"},
    {file = "coverage-7.6.12-cp312-cp312-macosx_11_0_arm64.whl", hash = "sha256:641dfe0ab73deb7069fb972d4d9725bf11c239c309ce694dd50b1473c0f641c3"},
    {file = "coverage-7.6.12-cp312-cp312-manylinux_2_17_aarch64.manylinux2014_aarch64.whl", hash = "sha256:0e549f54ac5f301e8e04c569dfdb907f7be71b06b88b5063ce9d6953d2d58574"},
    {file = "coverage-7.6.12-cp312-cp312-manylinux_2_5_i686.manylinux1_i686.manylinux_2_17_i686.manylinux2014_i686.whl", hash = "sha256:959244a17184515f8c52dcb65fb662808767c0bd233c1d8a166e7cf74c9ea985"},
    {file = "coverage-7.6.12-cp312-cp312-manylinux_2_5_x86_64.manylinux1_x86_64.manylinux_2_17_x86_64.manylinux2014_x86_64.whl", hash = "sha256:bda1c5f347550c359f841d6614fb8ca42ae5cb0b74d39f8a1e204815ebe25750"},
    {file = "coverage-7.6.12-cp312-cp312-musllinux_1_2_aarch64.whl", hash = "sha256:1ceeb90c3eda1f2d8c4c578c14167dbd8c674ecd7d38e45647543f19839dd6ea"},
    {file = "coverage-7.6.12-cp312-cp312-musllinux_1_2_i686.whl", hash = "sha256:0f16f44025c06792e0fb09571ae454bcc7a3ec75eeb3c36b025eccf501b1a4c3"},
    {file = "coverage-7.6.12-cp312-cp312-musllinux_1_2_x86_64.whl", hash = "sha256:b076e625396e787448d27a411aefff867db2bffac8ed04e8f7056b07024eed5a"},
    {file = "coverage-7.6.12-cp312-cp312-win32.whl", hash = "sha256:00b2086892cf06c7c2d74983c9595dc511acca00665480b3ddff749ec4fb2a95"},
    {file = "coverage-7.6.12-cp312-cp312-win_amd64.whl", hash = "sha256:7ae6eabf519bc7871ce117fb18bf14e0e343eeb96c377667e3e5dd12095e0288"},
    {file = "coverage-7.6.12-cp313-cp313-macosx_10_13_x86_64.whl", hash = "sha256:488c27b3db0ebee97a830e6b5a3ea930c4a6e2c07f27a5e67e1b3532e76b9ef1"},
    {file = "coverage-7.6.12-cp313-cp313-macosx_11_0_arm64.whl", hash = "sha256:5d1095bbee1851269f79fd8e0c9b5544e4c00c0c24965e66d8cba2eb5bb535fd"},
    {file = "coverage-7.6.12-cp313-cp313-manylinux_2_17_aarch64.manylinux2014_aarch64.whl", hash = "sha256:0533adc29adf6a69c1baa88c3d7dbcaadcffa21afbed3ca7a225a440e4744bf9"},
    {file = "coverage-7.6.12-cp313-cp313-manylinux_2_5_i686.manylinux1_i686.manylinux_2_17_i686.manylinux2014_i686.whl", hash = "sha256:53c56358d470fa507a2b6e67a68fd002364d23c83741dbc4c2e0680d80ca227e"},
    {file = "coverage-7.6.12-cp313-cp313-manylinux_2_5_x86_64.manylinux1_x86_64.manylinux_2_17_x86_64.manylinux2014_x86_64.whl", hash = "sha256:64cbb1a3027c79ca6310bf101014614f6e6e18c226474606cf725238cf5bc2d4"},
    {file = "coverage-7.6.12-cp313-cp313-musllinux_1_2_aarch64.whl", hash = "sha256:79cac3390bfa9836bb795be377395f28410811c9066bc4eefd8015258a7578c6"},
    {file = "coverage-7.6.12-cp313-cp313-musllinux_1_2_i686.whl", hash = "sha256:9b148068e881faa26d878ff63e79650e208e95cf1c22bd3f77c3ca7b1d9821a3"},
    {file = "coverage-7.6.12-cp313-cp313-musllinux_1_2_x86_64.whl", hash = "sha256:8bec2ac5da793c2685ce5319ca9bcf4eee683b8a1679051f8e6ec04c4f2fd7dc"},
    {file = "coverage-7.6.12-cp313-cp313-win32.whl", hash = "sha256:200e10beb6ddd7c3ded322a4186313d5ca9e63e33d8fab4faa67ef46d3460af3"},
    {file = "coverage-7.6.12-cp313-cp313-win_amd64.whl", hash = "sha256:2b996819ced9f7dbb812c701485d58f261bef08f9b85304d41219b1496b591ef"},
    {file = "coverage-7.6.12-cp313-cp313t-macosx_10_13_x86_64.whl", hash = "sha256:299cf973a7abff87a30609879c10df0b3bfc33d021e1adabc29138a48888841e"},
    {file = "coverage-7.6.12-cp313-cp313t-macosx_11_0_arm64.whl", hash = "sha256:4b467a8c56974bf06e543e69ad803c6865249d7a5ccf6980457ed2bc50312703"},
    {file = "coverage-7.6.12-cp313-cp313t-manylinux_2_17_aarch64.manylinux2014_aarch64.whl", hash = "sha256:2458f275944db8129f95d91aee32c828a408481ecde3b30af31d552c2ce284a0"},
    {file = "coverage-7.6.12-cp313-cp313t-manylinux_2_5_i686.manylinux1_i686.manylinux_2_17_i686.manylinux2014_i686.whl", hash = "sha256:0a9d8be07fb0832636a0f72b80d2a652fe665e80e720301fb22b191c3434d924"},
    {file = "coverage-7.6.12-cp313-cp313t-manylinux_2_5_x86_64.manylinux1_x86_64.manylinux_2_17_x86_64.manylinux2014_x86_64.whl", hash = "sha256:14d47376a4f445e9743f6c83291e60adb1b127607a3618e3185bbc8091f0467b"},
    {file = "coverage-7.6.12-cp313-cp313t-musllinux_1_2_aarch64.whl", hash = "sha256:b95574d06aa9d2bd6e5cc35a5bbe35696342c96760b69dc4287dbd5abd4ad51d"},
    {file = "coverage-7.6.12-cp313-cp313t-musllinux_1_2_i686.whl", hash = "sha256:ecea0c38c9079570163d663c0433a9af4094a60aafdca491c6a3d248c7432827"},
    {file = "coverage-7.6.12-cp313-cp313t-musllinux_1_2_x86_64.whl", hash = "sha256:2251fabcfee0a55a8578a9d29cecfee5f2de02f11530e7d5c5a05859aa85aee9"},
    {file = "coverage-7.6.12-cp313-cp313t-win32.whl", hash = "sha256:eb5507795caabd9b2ae3f1adc95f67b1104971c22c624bb354232d65c4fc90b3"},
    {file = "coverage-7.6.12-cp313-cp313t-win_amd64.whl", hash = "sha256:f60a297c3987c6c02ffb29effc70eadcbb412fe76947d394a1091a3615948e2f"},
    {file = "coverage-7.6.12-cp39-cp39-macosx_10_9_x86_64.whl", hash = "sha256:e7575ab65ca8399c8c4f9a7d61bbd2d204c8b8e447aab9d355682205c9dd948d"},
    {file = "coverage-7.6.12-cp39-cp39-macosx_11_0_arm64.whl", hash = "sha256:8161d9fbc7e9fe2326de89cd0abb9f3599bccc1287db0aba285cb68d204ce929"},
    {file = "coverage-7.6.12-cp39-cp39-manylinux_2_17_aarch64.manylinux2014_aarch64.whl", hash = "sha256:3a1e465f398c713f1b212400b4e79a09829cd42aebd360362cd89c5bdc44eb87"},
    {file = "coverage-7.6.12-cp39-cp39-manylinux_2_5_i686.manylinux1_i686.manylinux_2_17_i686.manylinux2014_i686.whl", hash = "sha256:f25d8b92a4e31ff1bd873654ec367ae811b3a943583e05432ea29264782dc32c"},
    {file = "coverage-7.6.12-cp39-cp39-manylinux_2_5_x86_64.manylinux1_x86_64.manylinux_2_17_x86_64.manylinux2014_x86_64.whl", hash = "sha256:1a936309a65cc5ca80fa9f20a442ff9e2d06927ec9a4f54bcba9c14c066323f2"},
    {file = "coverage-7.6.12-cp39-cp39-musllinux_1_2_aarch64.whl", hash = "sha256:aa6f302a3a0b5f240ee201297fff0bbfe2fa0d415a94aeb257d8b461032389bd"},
    {file = "coverage-7.6.12-cp39-cp39-musllinux_1_2_i686.whl", hash = "sha256:f973643ef532d4f9be71dd88cf7588936685fdb576d93a79fe9f65bc337d9d73"},
    {file = "coverage-7.6.12-cp39-cp39-musllinux_1_2_x86_64.whl", hash = "sha256:78f5243bb6b1060aed6213d5107744c19f9571ec76d54c99cc15938eb69e0e86"},
    {file = "coverage-7.6.12-cp39-cp39-win32.whl", hash = "sha256:69e62c5034291c845fc4df7f8155e8544178b6c774f97a99e2734b05eb5bed31"},
    {file = "coverage-7.6.12-cp39-cp39-win_amd64.whl", hash = "sha256:b01a840ecc25dce235ae4c1b6a0daefb2a203dba0e6e980637ee9c2f6ee0df57"},
    {file = "coverage-7.6.12-pp39.pp310-none-any.whl", hash = "sha256:7e39e845c4d764208e7b8f6a21c541ade741e2c41afabdfa1caa28687a3c98cf"},
    {file = "coverage-7.6.12-py3-none-any.whl", hash = "sha256:eb8668cfbc279a536c633137deeb9435d2962caec279c3f8cf8b91fff6ff8953"},
    {file = "coverage-7.6.12.tar.gz", hash = "sha256:48cfc4641d95d34766ad41d9573cc0f22a48aa88d22657a1fe01dca0dbae4de2"},
]

[package.extras]
toml = ["tomli ; python_full_version <= \"3.11.0a6\""]

[[package]]
name = "fastapi"
version = "0.115.11"
description = "FastAPI framework, high performance, easy to learn, fast to code, ready for production"
optional = false
python-versions = ">=3.8"
groups = ["main"]
files = [
    {file = "fastapi-0.115.11-py3-none-any.whl", hash = "sha256:32e1541b7b74602e4ef4a0260ecaf3aadf9d4f19590bba3e1bf2ac4666aa2c64"},
    {file = "fastapi-0.115.11.tar.gz", hash = "sha256:cc81f03f688678b92600a65a5e618b93592c65005db37157147204d8924bf94f"},
]

[package.dependencies]
pydantic = ">=1.7.4,<1.8 || >1.8,<1.8.1 || >1.8.1,<2.0.0 || >2.0.0,<2.0.1 || >2.0.1,<2.1.0 || >2.1.0,<3.0.0"
starlette = ">=0.40.0,<0.47.0"
typing-extensions = ">=4.8.0"

[package.extras]
all = ["email-validator (>=2.0.0)", "fastapi-cli[standard] (>=0.0.5)", "httpx (>=0.23.0)", "itsdangerous (>=1.1.0)", "jinja2 (>=3.1.5)", "orjson (>=3.2.1)", "pydantic-extra-types (>=2.0.0)", "pydantic-settings (>=2.0.0)", "python-multipart (>=0.0.18)", "pyyaml (>=5.3.1)", "ujson (>=4.0.1,!=4.0.2,!=4.1.0,!=4.2.0,!=4.3.0,!=5.0.0,!=5.1.0)", "uvicorn[standard] (>=0.12.0)"]
standard = ["email-validator (>=2.0.0)", "fastapi-cli[standard] (>=0.0.5)", "httpx (>=0.23.0)", "jinja2 (>=3.1.5)", "python-multipart (>=0.0.18)", "uvicorn[standard] (>=0.12.0)"]

[[package]]
name = "h11"
version = "0.14.0"
description = "A pure-Python, bring-your-own-I/O implementation of HTTP/1.1"
optional = false
python-versions = ">=3.7"
groups = ["main"]
files = [
    {file = "h11-0.14.0-py3-none-any.whl", hash = "sha256:e3fe4ac4b851c468cc8363d500db52c2ead036020723024a109d37346efaa761"},
    {file = "h11-0.14.0.tar.gz", hash = "sha256:8f19fbbe99e72420ff35c00b27a34cb9937e902a8b810e2c88300c6f0a3b699d"},
]

[[package]]
name = "httpcore"
version = "1.0.7"
description = "A minimal low-level HTTP client."
optional = false
python-versions = ">=3.8"
groups = ["main"]
files = [
    {file = "httpcore-1.0.7-py3-none-any.whl", hash = "sha256:a3fff8f43dc260d5bd363d9f9cf1830fa3a458b332856f34282de498ed420edd"},
    {file = "httpcore-1.0.7.tar.gz", hash = "sha256:8551cb62a169ec7162ac7be8d4817d561f60e08eaa485234898414bb5a8a0b4c"},
]

[package.dependencies]
certifi = "*"
h11 = ">=0.13,<0.15"

[package.extras]
asyncio = ["anyio (>=4.0,<5.0)"]
http2 = ["h2 (>=3,<5)"]
socks = ["socksio (==1.*)"]
trio = ["trio (>=0.22.0,<1.0)"]

[[package]]
name = "httpx"
version = "0.28.1"
description = "The next generation HTTP client."
optional = false
python-versions = ">=3.8"
groups = ["main"]
files = [
    {file = "httpx-0.28.1-py3-none-any.whl", hash = "sha256:d909fcccc110f8c7faf814ca82a9a4d816bc5a6dbfea25d6591d6985b8ba59ad"},
    {file = "httpx-0.28.1.tar.gz", hash = "sha256:75e98c5f16b0f35b567856f597f06ff2270a374470a5c2392242528e3e3e42fc"},
]

[package.dependencies]
anyio = "*"
certifi = "*"
httpcore = "==1.*"
idna = "*"

[package.extras]
brotli = ["brotli ; platform_python_implementation == \"CPython\"", "brotlicffi ; platform_python_implementation != \"CPython\""]
cli = ["click (==8.*)", "pygments (==2.*)", "rich (>=10,<14)"]
http2 = ["h2 (>=3,<5)"]
socks = ["socksio (==1.*)"]
zstd = ["zstandard (>=0.18.0)"]

[[package]]
name = "idna"
version = "3.10"
description = "Internationalized Domain Names in Applications (IDNA)"
optional = false
python-versions = ">=3.6"
groups = ["main"]
files = [
    {file = "idna-3.10-py3-none-any.whl", hash = "sha256:946d195a0d259cbba61165e88e65941f16e9b36ea6ddb97f00452bae8b1287d3"},
    {file = "idna-3.10.tar.gz", hash = "sha256:12f65c9b470abda6dc35cf8e63cc574b1c52b11df2c86030af0ac09b01b13ea9"},
]

[package.extras]
all = ["flake8 (>=7.1.1)", "mypy (>=1.11.2)", "pytest (>=8.3.2)", "ruff (>=0.6.2)"]

[[package]]
name = "iniconfig"
version = "2.0.0"
description = "brain-dead simple config-ini parsing"
optional = false
python-versions = ">=3.7"
groups = ["main", "dev"]
files = [
    {file = "iniconfig-2.0.0-py3-none-any.whl", hash = "sha256:b6a85871a79d2e3b22d2d1b94ac2824226a63c6b741c88f7ae975f18b6778374"},
    {file = "iniconfig-2.0.0.tar.gz", hash = "sha256:2d91e135bf72d31a410b17c16da610a82cb55f6b0477d1a902134b24a455b8b3"},
]

[[package]]
name = "packaging"
version = "24.2"
description = "Core utilities for Python packages"
optional = false
python-versions = ">=3.8"
groups = ["main", "dev"]
files = [
    {file = "packaging-24.2-py3-none-any.whl", hash = "sha256:09abb1bccd265c01f4a3aa3f7a7db064b36514d2cba19a2f694fe6150451a759"},
    {file = "packaging-24.2.tar.gz", hash = "sha256:c228a6dc5e932d346bc5739379109d49e8853dd8223571c7c5b55260edc0b97f"},
]

[[package]]
name = "pluggy"
version = "1.5.0"
description = "plugin and hook calling mechanisms for python"
optional = false
python-versions = ">=3.8"
groups = ["main", "dev"]
files = [
    {file = "pluggy-1.5.0-py3-none-any.whl", hash = "sha256:44e1ad92c8ca002de6377e165f3e0f1be63266ab4d554740532335b9d75ea669"},
    {file = "pluggy-1.5.0.tar.gz", hash = "sha256:2cffa88e94fdc978c4c574f15f9e59b7f4201d439195c3715ca9e2486f1d0cf1"},
]

[package.extras]
dev = ["pre-commit", "tox"]
testing = ["pytest", "pytest-benchmark"]

[[package]]
name = "pydantic"
version = "1.10.21"
description = "Data validation and settings management using python type hints"
optional = false
python-versions = ">=3.7"
groups = ["main"]
files = [
    {file = "pydantic-1.10.21-cp310-cp310-macosx_10_9_x86_64.whl", hash = "sha256:245e486e0fec53ec2366df9cf1cba36e0bbf066af7cd9c974bbbd9ba10e1e586"},
    {file = "pydantic-1.10.21-cp310-cp310-macosx_11_0_arm64.whl", hash = "sha256:6c54f8d4c151c1de784c5b93dfbb872067e3414619e10e21e695f7bb84d1d1fd"},
    {file = "pydantic-1.10.21-cp310-cp310-manylinux_2_17_x86_64.manylinux2014_x86_64.whl", hash = "sha256:6b64708009cfabd9c2211295144ff455ec7ceb4c4fb45a07a804309598f36187"},
    {file = "pydantic-1.10.21-cp310-cp310-manylinux_2_5_i686.manylinux1_i686.manylinux_2_17_i686.manylinux2014_i686.whl", hash = "sha256:8a148410fa0e971ba333358d11a6dea7b48e063de127c2b09ece9d1c1137dde4"},
    {file = "pydantic-1.10.21-cp310-cp310-musllinux_1_2_i686.whl", hash = "sha256:36ceadef055af06e7756eb4b871cdc9e5a27bdc06a45c820cd94b443de019bbf"},
    {file = "pydantic-1.10.21-cp310-cp310-musllinux_1_2_x86_64.whl", hash = "sha256:c0501e1d12df6ab1211b8cad52d2f7b2cd81f8e8e776d39aa5e71e2998d0379f"},
    {file = "pydantic-1.10.21-cp310-cp310-win_amd64.whl", hash = "sha256:c261127c275d7bce50b26b26c7d8427dcb5c4803e840e913f8d9df3f99dca55f"},
    {file = "pydantic-1.10.21-cp311-cp311-macosx_10_9_x86_64.whl", hash = "sha256:8b6350b68566bb6b164fb06a3772e878887f3c857c46c0c534788081cb48adf4"},
    {file = "pydantic-1.10.21-cp311-cp311-macosx_11_0_arm64.whl", hash = "sha256:935b19fdcde236f4fbf691959fa5c3e2b6951fff132964e869e57c70f2ad1ba3"},
    {file = "pydantic-1.10.21-cp311-cp311-manylinux_2_17_x86_64.manylinux2014_x86_64.whl", hash = "sha256:2b6a04efdcd25486b27f24c1648d5adc1633ad8b4506d0e96e5367f075ed2e0b"},
    {file = "pydantic-1.10.21-cp311-cp311-manylinux_2_5_i686.manylinux1_i686.manylinux_2_17_i686.manylinux2014_i686.whl", hash = "sha256:c1ba253eb5af8d89864073e6ce8e6c8dec5f49920cff61f38f5c3383e38b1c9f"},
    {file = "pydantic-1.10.21-cp311-cp311-musllinux_1_2_i686.whl", hash = "sha256:57f0101e6c97b411f287a0b7cf5ebc4e5d3b18254bf926f45a11615d29475793"},
    {file = "pydantic-1.10.21-cp311-cp311-musllinux_1_2_x86_64.whl", hash = "sha256:90e85834f0370d737c77a386ce505c21b06bfe7086c1c568b70e15a568d9670d"},
    {file = "pydantic-1.10.21-cp311-cp311-win_amd64.whl", hash = "sha256:6a497bc66b3374b7d105763d1d3de76d949287bf28969bff4656206ab8a53aa9"},
    {file = "pydantic-1.10.21-cp312-cp312-macosx_10_13_x86_64.whl", hash = "sha256:2ed4a5f13cf160d64aa331ab9017af81f3481cd9fd0e49f1d707b57fe1b9f3ae"},
    {file = "pydantic-1.10.21-cp312-cp312-macosx_11_0_arm64.whl", hash = "sha256:3b7693bb6ed3fbe250e222f9415abb73111bb09b73ab90d2d4d53f6390e0ccc1"},
    {file = "pydantic-1.10.21-cp312-cp312-manylinux_2_17_x86_64.manylinux2014_x86_64.whl", hash = "sha256:185d5f1dff1fead51766da9b2de4f3dc3b8fca39e59383c273f34a6ae254e3e2"},
    {file = "pydantic-1.10.21-cp312-cp312-manylinux_2_5_i686.manylinux1_i686.manylinux_2_17_i686.manylinux2014_i686.whl", hash = "sha256:38e6d35cf7cd1727822c79e324fa0677e1a08c88a34f56695101f5ad4d5e20e5"},
    {file = "pydantic-1.10.21-cp312-cp312-musllinux_1_2_i686.whl", hash = "sha256:1d7c332685eafacb64a1a7645b409a166eb7537f23142d26895746f628a3149b"},
    {file = "pydantic-1.10.21-cp312-cp312-musllinux_1_2_x86_64.whl", hash = "sha256:2c9b782db6f993a36092480eeaab8ba0609f786041b01f39c7c52252bda6d85f"},
    {file = "pydantic-1.10.21-cp312-cp312-win_amd64.whl", hash = "sha256:7ce64d23d4e71d9698492479505674c5c5b92cda02b07c91dfc13633b2eef805"},
    {file = "pydantic-1.10.21-cp313-cp313-macosx_10_13_x86_64.whl", hash = "sha256:0067935d35044950be781933ab91b9a708eaff124bf860fa2f70aeb1c4be7212"},
    {file = "pydantic-1.10.21-cp313-cp313-macosx_11_0_arm64.whl", hash = "sha256:5e8148c2ce4894ce7e5a4925d9d3fdce429fb0e821b5a8783573f3611933a251"},
    {file = "pydantic-1.10.21-cp313-cp313-manylinux_2_17_x86_64.manylinux2014_x86_64.whl", hash = "sha256:a4973232c98b9b44c78b1233693e5e1938add5af18042f031737e1214455f9b8"},
    {file = "pydantic-1.10.21-cp313-cp313-manylinux_2_5_i686.manylinux1_i686.manylinux_2_17_i686.manylinux2014_i686.whl", hash = "sha256:662bf5ce3c9b1cef32a32a2f4debe00d2f4839fefbebe1d6956e681122a9c839"},
    {file = "pydantic-1.10.21-cp313-cp313-musllinux_1_2_i686.whl", hash = "sha256:98737c3ab5a2f8a85f2326eebcd214510f898881a290a7939a45ec294743c875"},
    {file = "pydantic-1.10.21-cp313-cp313-musllinux_1_2_x86_64.whl", hash = "sha256:0bb58bbe65a43483d49f66b6c8474424d551a3fbe8a7796c42da314bac712738"},
    {file = "pydantic-1.10.21-cp313-cp313-win_amd64.whl", hash = "sha256:e622314542fb48542c09c7bd1ac51d71c5632dd3c92dc82ede6da233f55f4848"},
    {file = "pydantic-1.10.21-cp37-cp37m-macosx_10_9_x86_64.whl", hash = "sha256:d356aa5b18ef5a24d8081f5c5beb67c0a2a6ff2a953ee38d65a2aa96526b274f"},
    {file = "pydantic-1.10.21-cp37-cp37m-manylinux_2_17_x86_64.manylinux2014_x86_64.whl", hash = "sha256:08caa8c0468172d27c669abfe9e7d96a8b1655ec0833753e117061febaaadef5"},
    {file = "pydantic-1.10.21-cp37-cp37m-manylinux_2_5_i686.manylinux1_i686.manylinux_2_17_i686.manylinux2014_i686.whl", hash = "sha256:c677aa39ec737fec932feb68e4a2abe142682f2885558402602cd9746a1c92e8"},
    {file = "pydantic-1.10.21-cp37-cp37m-musllinux_1_2_i686.whl", hash = "sha256:79577cc045d3442c4e845df53df9f9202546e2ba54954c057d253fc17cd16cb1"},
    {file = "pydantic-1.10.21-cp37-cp37m-musllinux_1_2_x86_64.whl", hash = "sha256:b6b73ab347284719f818acb14f7cd80696c6fdf1bd34feee1955d7a72d2e64ce"},
    {file = "pydantic-1.10.21-cp37-cp37m-win_amd64.whl", hash = "sha256:46cffa24891b06269e12f7e1ec50b73f0c9ab4ce71c2caa4ccf1fb36845e1ff7"},
    {file = "pydantic-1.10.21-cp38-cp38-macosx_10_9_x86_64.whl", hash = "sha256:298d6f765e3c9825dfa78f24c1efd29af91c3ab1b763e1fd26ae4d9e1749e5c8"},
    {file = "pydantic-1.10.21-cp38-cp38-macosx_11_0_arm64.whl", hash = "sha256:f2f4a2305f15eff68f874766d982114ac89468f1c2c0b97640e719cf1a078374"},
    {file = "pydantic-1.10.21-cp38-cp38-manylinux_2_17_x86_64.manylinux2014_x86_64.whl", hash = "sha256:35b263b60c519354afb3a60107d20470dd5250b3ce54c08753f6975c406d949b"},
    {file = "pydantic-1.10.21-cp38-cp38-manylinux_2_5_i686.manylinux1_i686.manylinux_2_17_i686.manylinux2014_i686.whl", hash = "sha256:e23a97a6c2f2db88995496db9387cd1727acdacc85835ba8619dce826c0b11a6"},
    {file = "pydantic-1.10.21-cp38-cp38-musllinux_1_2_i686.whl", hash = "sha256:3c96fed246ccc1acb2df032ff642459e4ae18b315ecbab4d95c95cfa292e8517"},
    {file = "pydantic-1.10.21-cp38-cp38-musllinux_1_2_x86_64.whl", hash = "sha256:b92893ebefc0151474f682e7debb6ab38552ce56a90e39a8834734c81f37c8a9"},
    {file = "pydantic-1.10.21-cp38-cp38-win_amd64.whl", hash = "sha256:b8460bc256bf0de821839aea6794bb38a4c0fbd48f949ea51093f6edce0be459"},
    {file = "pydantic-1.10.21-cp39-cp39-macosx_10_9_x86_64.whl", hash = "sha256:5d387940f0f1a0adb3c44481aa379122d06df8486cc8f652a7b3b0caf08435f7"},
    {file = "pydantic-1.10.21-cp39-cp39-macosx_11_0_arm64.whl", hash = "sha256:266ecfc384861d7b0b9c214788ddff75a2ea123aa756bcca6b2a1175edeca0fe"},
    {file = "pydantic-1.10.21-cp39-cp39-manylinux_2_17_x86_64.manylinux2014_x86_64.whl", hash = "sha256:61da798c05a06a362a2f8c5e3ff0341743e2818d0f530eaac0d6898f1b187f1f"},
    {file = "pydantic-1.10.21-cp39-cp39-manylinux_2_5_i686.manylinux1_i686.manylinux_2_17_i686.manylinux2014_i686.whl", hash = "sha256:a621742da75ce272d64ea57bd7651ee2a115fa67c0f11d66d9dcfc18c2f1b106"},
    {file = "pydantic-1.10.21-cp39-cp39-musllinux_1_2_i686.whl", hash = "sha256:9e3e4000cd54ef455694b8be9111ea20f66a686fc155feda1ecacf2322b115da"},
    {file = "pydantic-1.10.21-cp39-cp39-musllinux_1_2_x86_64.whl", hash = "sha256:f198c8206640f4c0ef5a76b779241efb1380a300d88b1bce9bfe95a6362e674d"},
    {file = "pydantic-1.10.21-cp39-cp39-win_amd64.whl", hash = "sha256:e7f0cda108b36a30c8fc882e4fc5b7eec8ef584aa43aa43694c6a7b274fb2b56"},
    {file = "pydantic-1.10.21-py3-none-any.whl", hash = "sha256:db70c920cba9d05c69ad4a9e7f8e9e83011abb2c6490e561de9ae24aee44925c"},
    {file = "pydantic-1.10.21.tar.gz", hash = "sha256:64b48e2b609a6c22178a56c408ee1215a7206077ecb8a193e2fda31858b2362a"},
]

[package.dependencies]
typing-extensions = ">=4.2.0"

[package.extras]
dotenv = ["python-dotenv (>=0.10.4)"]
email = ["email-validator (>=1.0.3)"]

[[package]]
name = "pydantic-core"
version = "2.31.1"
description = "Core functionality for Pydantic validation and serialization"
optional = false
python-versions = ">=3.9"
groups = ["main"]
files = [
    {file = "pydantic_core-2.31.1-cp310-cp310-macosx_10_12_x86_64.whl", hash = "sha256:ee75ec43c8ef0624b3a2ce5c978154f9dc6c4fca2e651113aad6d3debb85be84"},
    {file = "pydantic_core-2.31.1-cp310-cp310-macosx_11_0_arm64.whl", hash = "sha256:d681ac8dc147d174447d01b9ef7332d77d4f51f6b9925c81341032515ab2f7e7"},
    {file = "pydantic_core-2.31.1-cp310-cp310-manylinux_2_17_aarch64.manylinux2014_aarch64.whl", hash = "sha256:71faa936976e4acac68a02b00644543f8627dfe7d020f522c5ac0ac6afcbd8d0"},
    {file = "pydantic_core-2.31.1-cp310-cp310-manylinux_2_17_armv7l.manylinux2014_armv7l.whl", hash = "sha256:a425e35837d81661a1b03a53aee192d88e64b69d339927ce9f945f0339c06ff0"},
    {file = "pydantic_core-2.31.1-cp310-cp310-manylinux_2_17_ppc64le.manylinux2014_ppc64le.whl", hash = "sha256:599fa25b2cb32622e77f2a7fcd77e85a6bd32019f43071e81794eb414c3ed07f"},
    {file = "pydantic_core-2.31.1-cp310-cp310-manylinux_2_17_s390x.manylinux2014_s390x.whl", hash = "sha256:af71f54429a4a8a3e34f9eed2f6184ca237a5d44598096aa097fcd04a7cf5b2e"},
    {file = "pydantic_core-2.31.1-cp310-cp310-manylinux_2_17_x86_64.manylinux2014_x86_64.whl", hash = "sha256:a31f875dce771d4cd2d3480e377bdb84ec76bdc102896161bb669c1944671e80"},
    {file = "pydantic_core-2.31.1-cp310-cp310-manylinux_2_5_i686.manylinux1_i686.whl", hash = "sha256:22a19c51e81c6c2c2cf95126d5307bdf9ad15dbe222bbb17fee775034786df31"},
    {file = "pydantic_core-2.31.1-cp310-cp310-musllinux_1_1_aarch64.whl", hash = "sha256:8efcca3de222d6fe1b0e24c975fab2723d211ad6ddd14eab91ddd6ca183e7fca"},
    {file = "pydantic_core-2.31.1-cp310-cp310-musllinux_1_1_armv7l.whl", hash = "sha256:507a2c647a6fdedd996de695775cebf736012f060657931dd6301316f56a7cdd"},
    {file = "pydantic_core-2.31.1-cp310-cp310-musllinux_1_1_x86_64.whl", hash = "sha256:deb440c27d9c349e6989885f55ae43f3176e1da0753895a050b0a51766580bcc"},
    {file = "pydantic_core-2.31.1-cp310-cp310-win32.whl", hash = "sha256:d2eaec2e173836cf3eccf765a55d08de50b4e6d7bd2ac48eeadd207ba6507c03"},
    {file = "pydantic_core-2.31.1-cp310-cp310-win_amd64.whl", hash = "sha256:0e18585e348f1a139a89614169cc44c320918a03b464f5cd83c405ebe0668064"},
    {file = "pydantic_core-2.31.1-cp311-cp311-macosx_10_12_x86_64.whl", hash = "sha256:6e48dd8878cf08b08c15e6273342c9f6835b8d0107a6793a0ac3f6107824a709"},
    {file = "pydantic_core-2.31.1-cp311-cp311-macosx_11_0_arm64.whl", hash = "sha256:2e91bc0822673e4bd97b8dd68430c75f0d2e8833a079c72a7f0cdbcb23754b48"},
    {file = "pydantic_core-2.31.1-cp311-cp311-manylinux_2_17_aarch64.manylinux2014_aarch64.whl", hash = "sha256:42f8c80b601d6cb73410994dfdd7171aea37c9266d716ea760123b1e68e45f79"},
    {file = "pydantic_core-2.31.1-cp311-cp311-manylinux_2_17_armv7l.manylinux2014_armv7l.whl", hash = "sha256:75c0114af60cfcaeef975044383398c1b875cebb4e70ad4977a2b4c3d298f832"},
    {file = "pydantic_core-2.31.1-cp311-cp311-manylinux_2_17_ppc64le.manylinux2014_ppc64le.whl", hash = "sha256:b47b423b70e06be38800c81372d8985d8487db2e9e60e5d7469e134f15073439"},
    {file = "pydantic_core-2.31.1-cp311-cp311-manylinux_2_17_s390x.manylinux2014_s390x.whl", hash = "sha256:89114007ba33063284de20e2f5d6c99dc836d3766e4ec690a25a0ad00efec0cb"},
    {file = "pydantic_core-2.31.1-cp311-cp311-manylinux_2_17_x86_64.manylinux2014_x86_64.whl", hash = "sha256:35b3a2153215300deddff2250bd5b75f9f8e5861904addfd008d64ed83af0458"},
    {file = "pydantic_core-2.31.1-cp311-cp311-manylinux_2_5_i686.manylinux1_i686.whl", hash = "sha256:f4e5db80cd0b307193306bcaaeca1bd4127a6de2f77bfcc02d70f1c5c88d9382"},
    {file = "pydantic_core-2.31.1-cp311-cp311-musllinux_1_1_aarch64.whl", hash = "sha256:249f142fa1f3b9a90df07b62d7adcb2f4aa9e407f11713fa5aa3fa0fc388cc67"},
    {file = "pydantic_core-2.31.1-cp311-cp311-musllinux_1_1_armv7l.whl", hash = "sha256:e725afbbb6bd9d7678210b51efd841910328e3b6810a3d1d858d7ae1d10a214c"},
    {file = "pydantic_core-2.31.1-cp311-cp311-musllinux_1_1_x86_64.whl", hash = "sha256:1c13d1047e331c2b560d9047b4dfab113f46422b5eb93fa54028749e33f6cd07"},
    {file = "pydantic_core-2.31.1-cp311-cp311-win32.whl", hash = "sha256:54df1e02d028bb0416d2eb410651fc92ff0b1f7b4e1fb884d34ce3cd8ed0bdbb"},
    {file = "pydantic_core-2.31.1-cp311-cp311-win_amd64.whl", hash = "sha256:a63e6e154c8753769b46105389df9782a4415ff8308afe55424e531c5a412aa7"},
    {file = "pydantic_core-2.31.1-cp311-cp311-win_arm64.whl", hash = "sha256:611822c92289928e85c0712a00736671ec0b897bea6196db51f631919be65070"},
    {file = "pydantic_core-2.31.1-cp312-cp312-macosx_10_12_x86_64.whl", hash = "sha256:78fd06ddc636954da7f91051069705e46bd2c4a1f1e7564818879f9c0ed6f4b8"},
    {file = "pydantic_core-2.31.1-cp312-cp312-macosx_11_0_arm64.whl", hash = "sha256:30d971cf4b096de1ca23d94ee2749399a8066eba59ea8942d2601d6dd5206d0c"},
    {file = "pydantic_core-2.31.1-cp312-cp312-manylinux_2_17_aarch64.manylinux2014_aarch64.whl", hash = "sha256:2a42c1cad6ac325160dfc0f42282b668eb7460c1345d9b3d172ea39e2ba1b56c"},
    {file = "pydantic_core-2.31.1-cp312-cp312-manylinux_2_17_armv7l.manylinux2014_armv7l.whl", hash = "sha256:02b25655c0ebc6a1c20832249708e8202257a12faa9c1f8ad9999937fc22238f"},
    {file = "pydantic_core-2.31.1-cp312-cp312-manylinux_2_17_ppc64le.manylinux2014_ppc64le.whl", hash = "sha256:2e61b1197fb1c480abf8d38d96ae24b0becab33cb070bcf32e2dfae7a65c38a4"},
    {file = "pydantic_core-2.31.1-cp312-cp312-manylinux_2_17_s390x.manylinux2014_s390x.whl", hash = "sha256:a0085ef0355b9546c1c46447874026527f88ebd1a56a8c6086cee9c635b3e2a1"},
    {file = "pydantic_core-2.31.1-cp312-cp312-manylinux_2_17_x86_64.manylinux2014_x86_64.whl", hash = "sha256:6928036f79b1c990a90144aafaeecc7a6000b5fd31455e1f2c0faae61d9f065b"},
    {file = "pydantic_core-2.31.1-cp312-cp312-manylinux_2_5_i686.manylinux1_i686.whl", hash = "sha256:406da5048108b523d8cdb65fc7886d88929b47fad95cc1ed9bb17a9babd49d70"},
    {file = "pydantic_core-2.31.1-cp312-cp312-musllinux_1_1_aarch64.whl", hash = "sha256:5f5617bb84b5a248c875c2494f5ea8afab56d83753e4ee079d14b72563b812c7"},
    {file = "pydantic_core-2.31.1-cp312-cp312-musllinux_1_1_armv7l.whl", hash = "sha256:75af762d41c773f9000c457530a65484656b6eb142875de82ae05f89c74957d4"},
    {file = "pydantic_core-2.31.1-cp312-cp312-musllinux_1_1_x86_64.whl", hash = "sha256:efb6559e8854c5b389867cc81eb438837bffd5bb6874890f22cb6c0dbc0a1f7e"},
    {file = "pydantic_core-2.31.1-cp312-cp312-win32.whl", hash = "sha256:c8e2b8c1768efbdc8c0df9717d84eaf6cd2d9315753c630a06bf3ada98785d30"},
    {file = "pydantic_core-2.31.1-cp312-cp312-win_amd64.whl", hash = "sha256:e831e0d3de62ed2602382e61b144a02b5fc0d32d64654aaf438c771aa5e9ed59"},
    {file = "pydantic_core-2.31.1-cp312-cp312-win_arm64.whl", hash = "sha256:0d90da581080dba775be3a1e9f5f612ec148a43dd52b32963ea2ec3819aa3457"},
    {file = "pydantic_core-2.31.1-cp313-cp313-macosx_10_12_x86_64.whl", hash = "sha256:5bbd84f5260921eff94d539bc77fa7a691af872fa0b1a8927a7099b4c0ea3ea9"},
    {file = "pydantic_core-2.31.1-cp313-cp313-macosx_11_0_arm64.whl", hash = "sha256:23dbcc742114fa5df9422820990e3218305a1cf4914fda9c0f20295dab85ec78"},
    {file = "pydantic_core-2.31.1-cp313-cp313-manylinux_2_17_aarch64.manylinux2014_aarch64.whl", hash = "sha256:177f32ce90f007b8882ab1b2afceb91d95c0890100afe953f34bf7cf6c25b1ba"},
    {file = "pydantic_core-2.31.1-cp313-cp313-manylinux_2_17_armv7l.manylinux2014_armv7l.whl", hash = "sha256:6227083598fc78463840a8af27345cdfd5f553eef7b1f960282ee8ffa482a38f"},
    {file = "pydantic_core-2.31.1-cp313-cp313-manylinux_2_17_ppc64le.manylinux2014_ppc64le.whl", hash = "sha256:fd3f3725c01219466df8ed57c58e1fce63a5404db6b57cb4bd89ab6104d5ee6c"},
    {file = "pydantic_core-2.31.1-cp313-cp313-manylinux_2_17_s390x.manylinux2014_s390x.whl", hash = "sha256:eaa17e5ad58baae609294d1996c0465435b2966cef68fc782cc2453a55df02db"},
    {file = "pydantic_core-2.31.1-cp313-cp313-manylinux_2_17_x86_64.manylinux2014_x86_64.whl", hash = "sha256:88e7d9d4c309b6da26ecb032d44709f7171e92cefa71d3f295f8e84a55df8f4d"},
    {file = "pydantic_core-2.31.1-cp313-cp313-manylinux_2_5_i686.manylinux1_i686.whl", hash = "sha256:9c39d7c431ff980a1c2d2cd1e2b33a7f825cd248f9598d12a0417758e938106e"},
    {file = "pydantic_core-2.31.1-cp313-cp313-musllinux_1_1_aarch64.whl", hash = "sha256:1c5f89c0eb10508bb6b973ff9b8da509f5981ec323600c7855f4f77666b59400"},
    {file = "pydantic_core-2.31.1-cp313-cp313-musllinux_1_1_armv7l.whl", hash = "sha256:5d3e7dbff0a4a8c849af7567c402ed5803be98256d9d49848aa3cc52dab803d8"},
    {file = "pydantic_core-2.31.1-cp313-cp313-musllinux_1_1_x86_64.whl", hash = "sha256:8597c6d74ac1015e831cc705b6a73df229ffe5049db008c38536bbe160ac91d5"},
    {file = "pydantic_core-2.31.1-cp313-cp313-win32.whl", hash = "sha256:0e915a3b80909c9b138c7c61885f726f7d6edc91dc6238699fa3d4fcd934847c"},
    {file = "pydantic_core-2.31.1-cp313-cp313-win_amd64.whl", hash = "sha256:4e7f2846b1c0440d93de69ab96fb65f9d9c485e7679d73affec3b8c43ce91b18"},
    {file = "pydantic_core-2.31.1-cp313-cp313-win_arm64.whl", hash = "sha256:7ab83864346cab0376d3069ae7450515a206114a14f2af8cc104f1717c557e16"},
    {file = "pydantic_core-2.31.1-cp313-cp313t-macosx_11_0_arm64.whl", hash = "sha256:48a16c9d09871d8a6a66d4846a733c4afa8fcd2449cc16f6a61addfa3db7f835"},
    {file = "pydantic_core-2.31.1-cp313-cp313t-manylinux_2_17_x86_64.manylinux2014_x86_64.whl", hash = "sha256:0b647890355b721aa0cc03de2529c8d6d5da55d855c0f08b8b100792db71c121"},
    {file = "pydantic_core-2.31.1-cp313-cp313t-win_amd64.whl", hash = "sha256:dd286557c4e3b1633c11f282616114896817610b1f9a41c3a9f2047d508a5350"},
    {file = "pydantic_core-2.31.1-cp39-cp39-macosx_10_12_x86_64.whl", hash = "sha256:1e3b94eadb93b4763f8530cf6ec35d5a1fe1b2bcb267e98e39a1c3131e3a16ca"},
    {file = "pydantic_core-2.31.1-cp39-cp39-macosx_11_0_arm64.whl", hash = "sha256:e447a75f0d85a056f9f3708e06f2fc5632bec4722a420d1280814da396943b7e"},
    {file = "pydantic_core-2.31.1-cp39-cp39-manylinux_2_17_aarch64.manylinux2014_aarch64.whl", hash = "sha256:a3fd43db41bb9199ed655b6f2ee889d3167f037393a97391e680a7c79bdfefad"},
    {file = "pydantic_core-2.31.1-cp39-cp39-manylinux_2_17_armv7l.manylinux2014_armv7l.whl", hash = "sha256:f9ba2db55da01cb0a93e251d5bd12456864084466fd4371d093a490cca0d673d"},
    {file = "pydantic_core-2.31.1-cp39-cp39-manylinux_2_17_ppc64le.manylinux2014_ppc64le.whl", hash = "sha256:01e6a7173a70985d9d27b572f488e3fafacbd81315e997607ef98c83e6ef91a8"},
    {file = "pydantic_core-2.31.1-cp39-cp39-manylinux_2_17_s390x.manylinux2014_s390x.whl", hash = "sha256:730839a83ea97655871174df65ac82840f44d40ca8ee354d3a29bbfc644c6b73"},
    {file = "pydantic_core-2.31.1-cp39-cp39-manylinux_2_17_x86_64.manylinux2014_x86_64.whl", hash = "sha256:bae17c456cc0d2a31b56acd5eb6b99ef3a116c7861bf4845d58cd0f32d138678"},
    {file = "pydantic_core-2.31.1-cp39-cp39-manylinux_2_5_i686.manylinux1_i686.whl", hash = "sha256:55b675f60573b04e48b1f21e21618cbd122c29ec7a48dde74ec4e6c4386a3f5c"},
    {file = "pydantic_core-2.31.1-cp39-cp39-musllinux_1_1_aarch64.whl", hash = "sha256:841ae45652d3cc511c41f621be32ee73b83a04a58fc5df87204c9161edd70119"},
    {file = "pydantic_core-2.31.1-cp39-cp39-musllinux_1_1_armv7l.whl", hash = "sha256:5961f1e8442bbcbea44c67bc4412c6b381e21d0b447066e4bf3219da6a059f26"},
    {file = "pydantic_core-2.31.1-cp39-cp39-musllinux_1_1_x86_64.whl", hash = "sha256:0c3b5b770ea6c1ad8316ea67e71e7fbedd4830cfd9bbb4a82d0a78a091c168aa"},
    {file = "pydantic_core-2.31.1-cp39-cp39-win32.whl", hash = "sha256:17356f4f0c704adbf1e414e407ee44a478ebc3a77d84b499b3dfebc26f9abd2f"},
    {file = "pydantic_core-2.31.1-cp39-cp39-win_amd64.whl", hash = "sha256:7f2cb44f54a213397560b17528cf6080ff3a981a2dce9596dfc127d6658075db"},
    {file = "pydantic_core-2.31.1-pp310-pypy310_pp73-macosx_10_12_x86_64.whl", hash = "sha256:9deafe434682b48277c177f0dff06f5bf7216120db2e72a1f87c5a43299547a4"},
    {file = "pydantic_core-2.31.1-pp310-pypy310_pp73-macosx_11_0_arm64.whl", hash = "sha256:42486edacd070c9ad469f72cf115d5621917af5ed10cbfa672f3448ffcddb940"},
    {file = "pydantic_core-2.31.1-pp310-pypy310_pp73-manylinux_2_17_aarch64.manylinux2014_aarch64.whl", hash = "sha256:6efc351e86ae9c5a3d9db1fae62c26a6e5a5b61f4c4c97ba876f85bacd66f7a1"},
    {file = "pydantic_core-2.31.1-pp310-pypy310_pp73-manylinux_2_17_x86_64.manylinux2014_x86_64.whl", hash = "sha256:7e964a044934c92e03cefcec47970d8b3e60f480e72612721cb295153cfb3011"},
    {file = "pydantic_core-2.31.1-pp310-pypy310_pp73-manylinux_2_5_i686.manylinux1_i686.whl", hash = "sha256:100670221291a804d15826793f9f06e01e995ef57f9331ffa28821c8b1a0dc32"},
    {file = "pydantic_core-2.31.1-pp310-pypy310_pp73-musllinux_1_1_aarch64.whl", hash = "sha256:657a1c2157b9c5725fab46547674884a123b588f1c9dc5a1190984536b38b7cb"},
    {file = "pydantic_core-2.31.1-pp310-pypy310_pp73-musllinux_1_1_armv7l.whl", hash = "sha256:a5bce6f7a20eb52708b4363298f527a9c136ab429bf8f178e58a31645367e667"},
    {file = "pydantic_core-2.31.1-pp310-pypy310_pp73-musllinux_1_1_x86_64.whl", hash = "sha256:252a2f101e4e12ac29f69431b42e92e0ff2916e0995c14e9a37eb9f9ea2590e1"},
    {file = "pydantic_core-2.31.1-pp310-pypy310_pp73-win_amd64.whl", hash = "sha256:620030579fe91bff34cb5b9e0e2804172787ecc333d00fce7246ebc7b70d84a1"},
    {file = "pydantic_core-2.31.1-pp311-pypy311_pp73-macosx_10_12_x86_64.whl", hash = "sha256:5b708d7061772954c74db04f5b2b547690bac0d3b2c5df2e6d693c42d297c62f"},
    {file = "pydantic_core-2.31.1-pp311-pypy311_pp73-macosx_11_0_arm64.whl", hash = "sha256:63eebb73d354265312caf38f24226dbc5488be8a7ba629d1b4ee2d71f50a8d7a"},
    {file = "pydantic_core-2.31.1-pp311-pypy311_pp73-manylinux_2_17_aarch64.manylinux2014_aarch64.whl", hash = "sha256:caa24dcf69732eb626b8d9d8c65a6f87c592629f39dac570304bde731c7bb8b0"},
    {file = "pydantic_core-2.31.1-pp311-pypy311_pp73-manylinux_2_17_x86_64.manylinux2014_x86_64.whl", hash = "sha256:a9f388d03a19dd61270058a2bf0560fa26d1debcfd35d4d2c84733e9c2ba5df3"},
    {file = "pydantic_core-2.31.1-pp311-pypy311_pp73-manylinux_2_5_i686.manylinux1_i686.whl", hash = "sha256:28a1095c7c681a48d691cf78d1d82b8e6dc926d43e37c4dc5be15ab46e6602ec"},
    {file = "pydantic_core-2.31.1-pp311-pypy311_pp73-musllinux_1_1_aarch64.whl", hash = "sha256:d87b5507ed164c2ee66da6848a842c221879095a1dce759218aaa9ccf94c66dc"},
    {file = "pydantic_core-2.31.1-pp311-pypy311_pp73-musllinux_1_1_armv7l.whl", hash = "sha256:4b4122ed9098132dacf11e0738250dc3acc9adbe5c55daf3cd9628ef27706bcb"},
    {file = "pydantic_core-2.31.1-pp311-pypy311_pp73-musllinux_1_1_x86_64.whl", hash = "sha256:461b5f1a250d52a9756ebcc40067aa2c9c4fc6ddd9de3056f19fbb26e48801fd"},
    {file = "pydantic_core-2.31.1-pp311-pypy311_pp73-win_amd64.whl", hash = "sha256:3b3ddf99b10cdbad4b7bfc1471ed9d6d84707aa34b853ae34dc472902d4633a6"},
    {file = "pydantic_core-2.31.1-pp39-pypy39_pp73-macosx_10_12_x86_64.whl", hash = "sha256:671f6dee7e447484ff455c626f38d9d20889a6db41adb29208ea06b3811b552e"},
    {file = "pydantic_core-2.31.1-pp39-pypy39_pp73-macosx_11_0_arm64.whl", hash = "sha256:604a39b2e9efed07d577054594f9b0e1e0056d532b8350818635077c23854603"},
    {file = "pydantic_core-2.31.1-pp39-pypy39_pp73-manylinux_2_17_aarch64.manylinux2014_aarch64.whl", hash = "sha256:162834c21ddcc974c7952ef684f5e27ea183c77e37d2e63d5e3963cd9b76af5f"},
    {file = "pydantic_core-2.31.1-pp39-pypy39_pp73-manylinux_2_17_x86_64.manylinux2014_x86_64.whl", hash = "sha256:0b117f729047ade65353241cfb82cc4e62aa887dca89f5ba9778c3445098821d"},
    {file = "pydantic_core-2.31.1-pp39-pypy39_pp73-manylinux_2_5_i686.manylinux1_i686.whl", hash = "sha256:209a14f06306992aac0da42c71c4ae106bf63bc722b845e6904148df6b8c54ed"},
    {file = "pydantic_core-2.31.1-pp39-pypy39_pp73-musllinux_1_1_aarch64.whl", hash = "sha256:a9284d7adac022ffd953a828ad562dcc923e4e5e3eee10f94ba8b7cedfde4c38"},
    {file = "pydantic_core-2.31.1-pp39-pypy39_pp73-musllinux_1_1_armv7l.whl", hash = "sha256:457d959e81ab2f2742cea7622e613a184652bdf2222fa8aad17c8497bbb61320"},
    {file = "pydantic_core-2.31.1-pp39-pypy39_pp73-musllinux_1_1_x86_64.whl", hash = "sha256:d54f9908799261266954179bb3e45c2c1752657a6d6eb5f03e3f973f1bafcc42"},
    {file = "pydantic_core-2.31.1-pp39-pypy39_pp73-win_amd64.whl", hash = "sha256:c85682c0347723c1279ef3c541e17f00f07dd0dee56fe9787b427d66567dae43"},
    {file = "pydantic_core-2.31.1.tar.gz", hash = "sha256:a9cc2f56cba2b78b487325ff3de016a70670b615eaf00cad88cb17f271e01971"},
]

[package.dependencies]
typing-extensions = ">=4.6.0,<4.7.0 || >4.7.0"

[[package]]
name = "pytest"
version = "8.3.5"
description = "pytest: simple powerful testing with Python"
optional = false
python-versions = ">=3.8"
groups = ["main", "dev"]
files = [
    {file = "pytest-8.3.5-py3-none-any.whl", hash = "sha256:c69214aa47deac29fad6c2a4f590b9c4a9fdb16a403176fe154b79c0b4d4d820"},
    {file = "pytest-8.3.5.tar.gz", hash = "sha256:f4efe70cc14e511565ac476b57c279e12a855b11f48f212af1080ef2263d3845"},
]

[package.dependencies]
colorama = {version = "*", markers = "sys_platform == \"win32\""}
iniconfig = "*"
packaging = "*"
pluggy = ">=1.5,<2"

[package.extras]
dev = ["argcomplete", "attrs (>=19.2)", "hypothesis (>=3.56)", "mock", "pygments (>=2.7.2)", "requests", "setuptools", "xmlschema"]

[[package]]
name = "pytest-cov"
version = "6.0.0"
description = "Pytest plugin for measuring coverage."
optional = false
python-versions = ">=3.9"
groups = ["main"]
files = [
    {file = "pytest-cov-6.0.0.tar.gz", hash = "sha256:fde0b595ca248bb8e2d76f020b465f3b107c9632e6a1d1705f17834c89dcadc0"},
    {file = "pytest_cov-6.0.0-py3-none-any.whl", hash = "sha256:eee6f1b9e61008bd34975a4d5bab25801eb31898b032dd55addc93e96fcaaa35"},
]

[package.dependencies]
coverage = {version = ">=7.5", extras = ["toml"]}
pytest = ">=4.6"

[package.extras]
testing = ["fields", "hunter", "process-tests", "pytest-xdist", "virtualenv"]

[[package]]
name = "sniffio"
version = "1.3.1"
description = "Sniff out which async library your code is running under"
optional = false
python-versions = ">=3.7"
groups = ["main"]
files = [
    {file = "sniffio-1.3.1-py3-none-any.whl", hash = "sha256:2f6da418d1f1e0fddd844478f41680e794e6051915791a034ff65e5f100525a2"},
    {file = "sniffio-1.3.1.tar.gz", hash = "sha256:f4324edc670a0f49750a81b895f35c3adb843cca46f0530f79fc1babb23789dc"},
]

[[package]]
name = "starlette"
version = "0.46.0"
description = "The little ASGI library that shines."
optional = false
python-versions = ">=3.9"
groups = ["main"]
files = [
    {file = "starlette-0.46.0-py3-none-any.whl", hash = "sha256:913f0798bd90ba90a9156383bcf1350a17d6259451d0d8ee27fc0cf2db609038"},
    {file = "starlette-0.46.0.tar.gz", hash = "sha256:b359e4567456b28d473d0193f34c0de0ed49710d75ef183a74a5ce0499324f50"},
]

[package.dependencies]
anyio = ">=3.6.2,<5"

[package.extras]
full = ["httpx (>=0.27.0,<0.29.0)", "itsdangerous", "jinja2", "python-multipart (>=0.0.18)", "pyyaml"]

[[package]]
name = "typing-extensions"
version = "4.12.2"
description = "Backported and Experimental Type Hints for Python 3.8+"
optional = false
python-versions = ">=3.8"
groups = ["main"]
files = [
    {file = "typing_extensions-4.12.2-py3-none-any.whl", hash = "sha256:04e5ca0351e0f3f85c6853954072df659d0d13fac324d0072316b67d7794700d"},
    {file = "typing_extensions-4.12.2.tar.gz", hash = "sha256:1a7ead55c7e559dd4dee8856e3a88b41225abfe1ce8df57b7c13915fe121ffb8"},
]

[metadata]
lock-version = "2.1"
python-versions = "^3.12"
content-hash = "803ec95dd2f01d6aa51d03e6f49c1aa3b6b6461fcad8a471cb242e6bf2b2f62c"
