# This file is automatically @generated by Poetry 2.1.1 and should not be changed by hand.

[[package]]
name = "annotated-doc"
version = "0.0.5"
description = "Document parameters, class attributes, return types, and variables inline, with Annotated."
optional = false
python-versions = ">=3.9"
groups = ["main"]
files = [
    {file = "annotated_doc-0.0.5-py3-none-any.whl", hash = "sha256:117bac03a25ede5df5440e855b32d556049ca169ead221505badf432fed4b101"},
    {file = "annotated_doc-0.0.5.tar.gz", hash = "sha256:c7e58ce09192557605d8bbd92836d7e1d520ac9580096042c0bfd197efacf1bb"},
]

[[package]]
name = "annotated-types"
version = "0.8.0"
description = "Reusable constraint types to use with typing.Annotated"
optional = false
python-versions = ">=3.10"
groups = ["main"]
files = [
    {file = "annotated_types-0.8.0-py3-none-any.whl", hash = "sha256:f072f4d804ea359e4eaf198b1af7a8b0943881a87f31bb764f8bf219bb9419e0"},
    {file = "annotated_types-0.8.0.tar.gz", hash = "sha256:13b2beaad985e05e2d6407ee4c4f35590b11f8d693a258a561055cac8f64cab7"},
]

[[package]]
name = "anyio"
version = "4.8.0"
description = "High level compatibility layer for multiple asynchronous event loop implementations"
optional = false
python-versions = ">=3.9"
groups = ["main"]
files = [
    {file = "anyio-4.8.0-py3-none-any.whl", hash = "sha256:b5011f270ab5eb0abf13385f851315585cc37ef330dd88e27ec3d34d651fd47a"},
    {file = "anyio-4.8.0.tar.gz", hash = "sha256:1d9fe889df5212298c0c0723fa20479d1b94883a2df44bd3897aa91083316f7a"},
]

[package.dependencies]
idna = ">=2.8"
sniffio = ">=1.1"
typing_extensions = {version = ">=4.5", markers = "python_version < \"3.13\""}

[package.extras]
doc = ["Sphinx (>=7.4,<8.0)", "packaging", "sphinx-autodoc-typehints (>=1.2.0)", "sphinx_rtd_theme"]
test = ["anyio[trio]", "coverage[toml] (>=7)", "exceptiongroup (>=1.2.0)", "hypothesis (>=4.0)", "psutil (>=5.9)", "pytest (>=7.0)", "trustme", "truststore (>=0.9.1) ; python_version >= \"3.10\"", "uvloop (>=0.21) ; platform_python_implementation == \"CPython\" and platform_system != \"Windows\" and python_version < \"3.14\""]
trio = ["trio (>=0.26.1)"]

[[package]]
name = "certifi"
version = "2025.1.31"
description = "Python package for providing Mozilla's CA Bundle."
optional = false
python-versions = ">=3.6"
groups = ["main"]
files = [
    {file = "certifi-2025.1.31-py3-none-any.whl", hash = "sha256:ca78db4565a652026a4db2bcdf68f2fb589ea80d0be70e03929ed730746b84fe"},
    {file = "certifi-2025.1.31.tar.gz", hash = "sha256:3d5da6925056f6f18f119200434a4780a94263f10d1c21d032a6f6b2baa20651"},
]

[[package]]
name = "colorama"
version = "0.4.6"
description = "Cross-platform colored terminal text."
optional = false
python-versions = "!=3.0.*,!=3.1.*,!=3.2.*,!=3.3.*,!=3.4.*,!=3.5.*,!=3.6.*,>=2.7"
groups = ["main", "dev"]
markers = "sys_platform == \"win32\""
files = [
    {file = "colorama-0.4.6-py2.py3-none-any.whl", hash = "sha256:4f1d9991f5acc0ca119f9d443620b77f9d6b33703e51011c16baf57afb285fc6"},
    {file = "colorama-0.4.6.tar.gz", hash = "sha256:08695f5cb7ed6e0531a20572697297273c47b8cae5a63ffc6d6ed5c201be6e44"},
]

[[package]]
name = "coverage"
version = "7.6.12"
description = "Code coverage measurement for Python"
optional = false
python-versions = ">=3.9"
groups = ["main"]
files = [
    {file = "coverage-7.6.12-cp310-cp310-macosx_10_9_x86_64.whl", hash = "sha256:704c8c8c6ce6569286ae9622e534b4f5b9759b6f2cd643f1c1a61f666d534fe8"},
    {file = "coverage-7.6.12-cp310-cp310-macosx_11_0_arm64.whl", hash = "sha256:ad7525bf0241e5502168ae9c643a2f6c219fa0a283001cee4cf23a9b7da75879"},
    {file = "coverage-7.6.12-cp310-cp310-manylinux_2_17_aarch64.manylinux2014_aarch64.whl", hash = "sha256:06097c7abfa611c91edb9e6920264e5be1d6ceb374efb4986f38b09eed4cb2fe"},
    {file = "coverage-7.6.12-cp310-cp310-manylinux_2_5_i686.manylinux1_i686.manylinux_2_17_i686.manylinux2014_i686.whl", hash = "sha256:220fa6c0ad7d9caef57f2c8771918324563ef0d8272c94974717c3909664e674"},
    {file = "coverage-7.6.12-cp310-cp310-manylinux_2_5_x86_64.manylinux1_x86_64.manylinux_2_17_x86_64.manylinux2014_x86_64.whl", hash = "sha256:3688b99604a24492bcfe1c106278c45586eb819bf66a654d8a9a1433022fb2eb"},
    {file = "coverage-7.6.12-cp310-cp310-musllinux_1_2_aarch64.whl", hash = "sha256:d1a987778b9c71da2fc8948e6f2656da6ef68f59298b7e9786849634c35d2c3c"},
    {file = "coverage-7.6.12-cp310-cp310-musllinux_1_2_i686.whl", hash = "sha256:cec6b9ce3bd2b7853d4a4563801292bfee40b030c05a3d29555fd2a8ee9bd68c"},
    {file = "coverage-7.6.12-cp310-cp310-musllinux_1_2_x86_64.whl", hash = "sha256:ace9048de91293e467b44bce0f0381345078389814ff6e18dbac8fdbf896360e"},
    {file = "coverage-7.6.12-cp310-cp310-win32.whl", hash = "sha256:ea31689f05043d520113e0552f039603c4dd71fa4c287b64cb3606140c66f425"},
    {file = "coverage-7.6.12-cp310-cp310-win_amd64.whl", hash = "sha256:676f92141e3c5492d2a1596d52287d0d963df21bf5e55c8b03075a60e1ddf8aa"},
    {file = "coverage-7.6.12-cp311-cp311-macosx_10_9_x86_64.whl", hash = "sha256:e18aafdfb3e9ec0d261c942d35bd7c28d031c5855dadb491d2723ba54f4c3015"},
    {file = "coverage-7.6.12-cp311-cp311-macosx_11_0_arm64.whl", hash = "sha256:66fe626fd7aa5982cdebad23e49e78ef7dbb3e3c2a5960a2b53632f1f703ea45"},
    {file = "coverage-7.6.12-cp311-cp311-manylinux_2_17_aarch64.manylinux2014_aarch64.whl", hash = "sha256:0ef01d70198431719af0b1f5dcbefc557d44a190e749004042927b2a3fed0702"},
    {file = "coverage-7.6.12-cp311-cp311-manylinux_2_5_i686.manylinux1_i686.manylinux_2_17_i686.manylinux2014_i686.whl", hash = "sha256:07e92ae5a289a4bc4c0aae710c0948d3c7892e20fd3588224ebe242039573bf0"},
    {file = "coverage-7.6.12-cp311-cp311-manylinux_2_5_x86_64.manylinux1_x86_64.manylinux_2_17_x86_64.manylinux2014_x86_64.whl", hash = "sha256:e695df2c58ce526eeab11a2e915448d3eb76f75dffe338ea613c1201b33bab2f"},
    {file = "coverage-7.6.12-cp311-cp311-musllinux_1_2_aarch64.whl", hash = "sha256:d74c08e9aaef995f8c4ef6d202dbd219c318450fe2a76da624f2ebb9c8ec5d9f"},
    {file = "coverage-7.6.12-cp311-cp311-musllinux_1_2_i686.whl", hash = "sha256:e995b3b76ccedc27fe4f477b349b7d64597e53a43fc2961db9d3fbace085d69d"},
    {file = "coverage-7.6.12-cp311-cp311-musllinux_1_2_x86_64.whl", hash = "sha256:b1f097878d74fe51e1ddd1be62d8e3682748875b461232cf4b52ddc6e6db0bba"},
    {file = "coverage-7.6.12-cp311-cp311-win32.whl", hash = "sha256:1f7ffa05da41754e20512202c866d0ebfc440bba3b0ed15133070e20bf5aeb5f"},
    {file = "coverage-7.6.12-cp311-cp311-win_amd64.whl", hash = "sha256:e216c5c45f89ef8971373fd1c5d8d1164b81f7f5f06bbf23c37e7908d19e8558"},
    {file = "coverage-7.6.12-cp312-cp312-macosx_10_13_x86_64.whl", hash = "sha256:b172f8e030e8ef247b3104902cc671e20df80163b60a203653150d2fc204d1ad"},
    {file = "coverage-7.6.12-cp312-cp312-macosx_11_0_arm64.whl", hash = "sha256:641dfe0ab73deb7069fb972d4d9725bf11c239c309ce694dd50b1473c0f641c3"},
    {file = "coverage-7.6.12-cp312-cp312-manylinux_2_17_aarch64.manylinux2014_aarch64.whl", hash = "sha256:0e549f54ac5f301e8e04c569dfdb907f7be71b06b88b5063ce9d6953d2d58574"},
    {file = "coverage-7.6.12-cp312-cp312-manylinux_2_5_i686.manylinux1_i686.manylinux_2_17_i686.manylinux2014_i686.whl", hash = "sha256:959244a17184515f8c52dcb65fb662808767c0bd233c1d8a166e7cf74c9ea985"},
    {file = "coverage-7.6.12-cp312-cp312-manylinux_2_5_x86_64.manylinux1_x86_64.manylinux_2_17_x86_64.manylinux2014_x86_64.whl", hash = "sha256:bda1c5f347550c359f841d6614fb8ca42ae5cb0b74d39f8a1e204815ebe25750"},
    {file = "coverage-7.6.12-cp312-cp312-musllinux_1_2_aarch64.whl", hash = "sha256:1ceeb90c3eda1f2d8c4c578c14167dbd8c674ecd7d38e45647543f19839dd6ea"},
    {file = "coverage-7.6.12-cp312-cp312-musllinux_1_2_i686.whl", hash = "sha256:0f16f44025c06792e0fb09571ae454bcc7a3ec75eeb3c36b025eccf501b1a4c3"},
    {file = "coverage-7.6.12-cp312-cp312-musllinux_1_2_x86_64.whl", hash = "sha256:b076e625396e787448d27a411aefff867db2bffac8ed04e8f7056b07024eed5a"},
    {file = "coverage-7.6.12-cp312-cp312-win32.whl", hash = "sha256:00b2086892cf06c7c2d74983c9595dc511acca00665480b3ddff749ec4fb2a95"},
    {file = "coverage-7.6.12-cp312-cp312-win_amd64.whl", hash = "sha256:7ae6eabf519bc7871ce117fb18bf14e0e343eeb96c377667e3e5dd12095e0288"},
    {file = "coverage-7.6.12-cp313-cp313-macosx_10_13_x86_64.whl", hash = "sha256:488c27b3db0ebee97a830e6b5a3ea930c4a6e2c07f27a5e67e1b3532e76b9ef1"},
    {file = "coverage-7.6.12-cp313-cp313-macosx_11_0_arm64.whl", hash = "sha256:5d1095bbee1851269f79fd8e0c9b5544e4c00c0c24965e66d8cba2eb5bb535fd"},
    {file = "coverage-7.6.12-cp313-cp313-manylinux_2_17_aarch64.manylinux2014_aarch64.whl", hash = "sha256:0533adc29adf6a69c1baa88c3d7dbcaadcffa21afbed3ca7a225a440e4744bf9"},
    {file = "coverage-7.6.12-cp313-cp313-manylinux_2_5_i686.manylinux1_i686.manylinux_2_17_i686.manylinux2014_i686.whl", hash = "sha256:53c56358d470fa507a2b6e67a68fd002364d23c83741dbc4c2e0680d80ca227e"},
    {file = "coverage-7.6.12-cp313-cp313-manylinux_2_5_x86_64.manylinux1_x86_64.manylinux_2_17_x86_64.manylinux2014_x86_64.whl", hash = "sha256:64cbb1a3027c79ca6310bf101014614f6e6e18c226474606cf725238cf5bc2d4"},
    {file = "coverage-7.6.12-cp313-cp313-musllinux_1_2_aarch64.whl", hash = "sha256:79cac3390bfa9836bb795be377395f28410811c9066bc4eefd8015258a7578c6"},
    {file = "coverage-7.6.12-cp313-cp313-musllinux_1_2_i686.whl", hash = "sha256:9b148068e881faa26d878ff63e79650e208e95cf1c22bd3f77c3ca7b1d9821a3"},
    {file = "coverage-7.6.12-cp313-cp313-musllinux_1_2_x86_64.whl", hash = "sha256:8bec2ac5da793c2685ce5319ca9bcf4eee683b8a1679051f8e6ec04c4f2fd7dc"},
    {file = "coverage-7.6.12-cp313-cp313-win32.whl", hash = "sha256:200e10beb6ddd7c3ded322a4186313d5ca9e63e33d8fab4faa67ef46d3460af3"},
    {file = "coverage-7.6.12-cp313-cp313-win_amd64.whl", hash = "sha256:2b996819ced9f7dbb812c701485d58f261bef08f9b85304d41219b1496b591ef"},
    {file = "coverage-7.6.12-cp313-cp313t-macosx_10_13_x86_64.whl", hash = "sha256:299cf973a7abff87a30609879c10df0b3bfc33d021e1adabc29138a48888841e"},
    {file = "coverage-7.6.12-cp313-cp313t-macosx_11_0_arm64.whl", hash = "sha256:4b467a8c56974bf06e543e69ad803c6865249d7a5ccf6980457ed2bc50312703"},
    {file = "coverage-7.6.12-cp313-cp313t-manylinux_2_17_aarch64.manylinux2014_aarch64.whl", hash = "sha256:2458f275944db8129f95d91aee32c828a408481ecde3b30af31d552c2ce284a0"},
    {file = "coverage-7.6.12-cp313-cp313t-manylinux_2_5_i686.manylinux1_i686.manylinux_2_17_i686.manylinux2014_i686.whl", hash = "sha256:0a9d8be07fb0832636a0f72b80d2a652fe665e80e720301fb22b191c3434d924"},
    {file = "coverage-7.6.12-cp313-cp313t-manylinux_2_5_x86_64.manylinux1_x86_64.manylinux_2_17_x86_64.manylinux2014_x86_64.whl", hash = "sha256:14d47376a4f445e9743f6c83291e60adb1b127607a3618e3185bbc8091f0467b"},
    {file = "coverage-7.6.12-cp313-cp313t-musllinux_1_2_aarch64.whl", hash = "sha256:b95574d06aa9d2bd6e5cc35a5bbe35696342c96760b69dc4287dbd5abd4ad51d"},
    {file = "coverage-7.6.12-cp313-cp313t-musllinux_1_2_i686.whl", hash = "sha256:ecea0c38c9079570163d663c0433a9af4094a60aafdca491c6a3d248c7432827"},
    {file = "coverage-7.6.12-cp313-cp313t-musllinux_1_2_x86_64.whl", hash = "sha256:2251fabcfee0a55a8578a9d29cecfee5f2de02f11530e7d5c5a05859aa85aee9"},
    {file = "coverage-7.6.12-cp313-cp313t-win32.whl", hash = "sha256:eb5507795caabd9b2ae3f1adc95f67b1104971c22c624bb354232d65c4fc90b3"},
    {file = "coverage-7.6.12-cp313-cp313t-win_amd64.whl", hash = "sha256:f60a297c3987c6c02ffb29effc70eadcbb412fe76947d394a1091a3615948e2f"},
    {file = "coverage-7.6.12-cp39-cp39-macosx_10_9_x86_64.whl", hash = "sha256:e7575ab65ca8399c8c4f9a7d61bbd2d204c8b8e447aab9d355682205c9dd948d"},
    {file = "coverage-7.6.12-cp39-cp39-macosx_11_0_arm64.whl", hash = "sha256:8161d9fbc7e9fe2326de89cd0abb9f3599bccc1287db0aba285cb68d204ce929"},
    {file = "coverage-7.6.12-cp39-cp39-manylinux_2_17_aarch64.manylinux2014_aarch64.whl", hash = "sha256:3a1e465f398c713f1b212400b4e79a09829cd42aebd360362cd89c5bdc44eb87"},
    {file = "coverage-7.6.12-cp39-cp39-manylinux_2_5_i686.manylinux1_i686.manylinux_2_17_i686.manylinux2014_i686.whl", hash = "sha256:f25d8b92a4e31ff1bd873654ec367ae811b3a943583e05432ea29264782dc32c"},
    {file = "coverage-7.6.12-cp39-cp39-manylinux_2_5_x86_64.manylinux1_x86_64.manylinux_2_17_x86_64.manylinux2014_x86_64.whl", hash = "sha256:1a936309a65cc5ca80fa9f20a442ff9e2d06927ec9a4f54bcba9c14c066323f2"},
    {file = "coverage-7.6.12-cp39-cp39-musllinux_1_2_aarch64.whl", hash = "sha256:aa6f302a3a0b5f240ee201297fff0bbfe2fa0d415a94aeb257d8b461032389bd"},
    {file = "coverage-7.6.12-cp39-cp39-musllinux_1_2_i686.whl", hash = "sha256:f973643ef532d4f9be71dd88cf7588936685fdb576d93a79fe9f65bc337d9d73"},
    {file = "coverage-7.6.12-cp39-cp39-musllinux_1_2_x86_64.whl", hash = "sha256:78f5243bb6b1060aed6213d5107744c19f9571ec76d54c99cc15938eb69e0e86"},
    {file = "coverage-7.6.12-cp39-cp39-win32.whl", hash = "sha256:69e62c5034291c845fc4df7f8155e8544178b6c774f97a99e2734b05eb5bed31"},
    {file = "coverage-7.6.12-cp39-cp39-win_amd64.whl", hash = "sha256:b01a840ecc25dce235ae4c1b6a0daefb2a203dba0e6e980637ee9c2f6ee0df57"},
    {file = "coverage-7.6.12-pp39.pp310-none-any.whl", hash = "sha256:7e39e845c4d764208e7b8f6a21c541ade741e2c41afabdfa1caa28687a3c98cf"},
    {file = "coverage-7.6.12-py3-none-any.whl", hash = "sha256:eb8668cfbc279a536c633137deeb9435d2962caec279c3f8cf8b91fff6ff8953"},
    {file = "coverage-7.6.12.tar.gz", hash = "sha256:48cfc4641d95d34766ad41d9573cc0f22a48aa88d22657a1fe01dca0dbae4de2"},
]

[package.extras]
toml = ["tomli ; python_full_version <= \"3.11.0a6\""]

[[package]]
name = "fastapi"
version = "0.141.1"
description = "FastAPI framework, high performance, easy to learn, fast to code, ready for production"
optional = false
python-versions = ">=3.10"
groups = ["main"]
files = [
    {file = "fastapi-0.141.1-py3-none-any.whl", hash = "sha256:bfb91aa2d334c61cb35ba9a116fc123b3d3df31640b801cf57a7a78ec3f603b3"},
    {file = "fastapi-0.141.1.tar.gz", hash = "sha256:e8822fc40db1e1858054d7a949a888695bc9bdce70139178e33bd2871a453ca1"},
]

[package.dependencies]
annotated-doc = ">=0.0.2"
pydantic = ">=2.9.0"
starlette = ">=0.46.0"
typing-extensions = ">=4.8.0"
typing-inspection = ">=0.4.2"

[package.extras]
all = ["email-validator (>=2.0.0)", "fastapi-cli[standard] (>=0.0.32)", "httpx (>=0.23.0,<1.0.0)", "itsdangerous (>=1.1.0)", "jinja2 (>=3.1.5)", "pydantic-extra-types (>=2.0.0)", "pydantic-settings (>=2.0.0)", "python-multipart (>=0.0.18)", "pyyaml (>=5.3.1)", "uvicorn[standard] (>=0.12.0)"]
standard = ["email-validator (>=2.0.0)", "fastapi-cli[standard] (>=0.0.32)", "fastar (>=0.9.0)", "httpx (>=0.23.0,<1.0.0)", "jinja2 (>=3.1.5)", "pydantic-extra-types (>=2.0.0)", "pydantic-settings (>=2.0.0)", "python-multipart (>=0.0.18)", "uvicorn[standard] (>=0.12.0)"]
standard-no-fastapi-cloud-cli = ["email-validator (>=2.0.0)", "fastapi-cli[standard-no-fastapi-cloud-cli] (>=0.0.32)", "httpx (>=0.23.0,<1.0.0)", "jinja2 (>=3.1.5)", "pydantic-extra-types (>=2.0.0)", "pydantic-settings (>=2.0.0)", "python-multipart (>=0.0.18)", "uvicorn[standard] (>=0.12.0)"]

[[package]]
name = "h11"
version = "0.14.0"
description = "A pure-Python, bring-your-own-I/O implementation of HTTP/1.1"
optional = false
python-versions = ">=3.7"
groups = ["main"]
files = [
    {file = "h11-0.14.0-py3-none-any.whl", hash = "sha256:e3fe4ac4b851c468cc8363d500db52c2ead036020723024a109d37346efaa761"},
    {file = "h11-0.14.0.tar.gz", hash = "sha256:8f19fbbe99e72420ff35c00b27a34cb9937e902a8b810e2c88300c6f0a3b699d"},
]

[[package]]
name = "httpcore"
version = "1.0.7"
description = "A minimal low-level HTTP client."
optional = false
python-versions = ">=3.8"
groups = ["main"]
files = [
    {file = "httpcore-1.0.7-py3-none-any.whl", hash = "sha256:a3fff8f43dc260d5bd363d9f9cf1830fa3a458b332856f34282de498ed420edd"},
    {file = "httpcore-1.0.7.tar.gz", hash = "sha256:8551cb62a169ec7162ac7be8d4817d561f60e08eaa485234898414bb5a8a0b4c"},
]

[package.dependencies]
certifi = "*"
h11 = ">=0.13,<0.15"

[package.extras]
asyncio = ["anyio (>=4.0,<5.0)"]
http2 = ["h2 (>=3,<5)"]
socks = ["socksio (==1.*)"]
trio = ["trio (>=0.22.0,<1.0)"]

[[package]]
name = "httpx"
version = "0.28.1"
description = "The next generation HTTP client."
optional = false
python-versions = ">=3.8"
groups = ["main"]
files = [
    {file = "httpx-0.28.1-py3-none-any.whl", hash = "sha256:d909fcccc110f8c7faf814ca82a9a4d816bc5a6dbfea25d6591d6985b8ba59ad"},
    {file = "httpx-0.28.1.tar.gz", hash = "sha256:75e98c5f16b0f35b567856f597f06ff2270a374470a5c2392242528e3e3e42fc"},
]

[package.dependencies]
anyio = "*"
certifi = "*"
httpcore = "==1.*"
idna = "*"

[package.extras]
brotli = ["brotli ; platform_python_implementation == \"CPython\"", "brotlicffi ; platform_python_implementation != \"CPython\""]
cli = ["click (==8.*)", "pygments (==2.*)", "rich (>=10,<14)"]
http2 = ["h2 (>=3,<5)"]
socks = ["socksio (==1.*)"]
zstd = ["zstandard (>=0.18.0)"]

[[package]]
name = "idna"
version = "3.10"
description = "Internationalized Domain Names in Applications (IDNA)"
optional = false
python-versions = ">=3.6"
groups = ["main"]
files = [
    {file = "idna-3.10-py3-none-any.whl", hash = "sha256:946d195a0d259cbba61165e88e65941f16e9b36ea6ddb97f00452bae8b1287d3"},
    {file = "idna-3.10.tar.gz", hash = "sha256:12f65c9b470abda6dc35cf8e63cc574b1c52b11df2c86030af0ac09b01b13ea9"},
]

[package.extras]
all = ["flake8 (>=7.1.1)", "mypy (>=1.11.2)", "pytest (>=8.3.2)", "ruff (>=0.6.2)"]

[[package]]
name = "iniconfig"
version = "2.0.0"
description = "brain-dead simple config-ini parsing"
optional = false
python-versions = ">=3.7"
groups = ["main", "dev"]
files = [
    {file = "iniconfig-2.0.0-py3-none-any.whl", hash = "sha256:b6a85871a79d2e3b22d2d1b94ac2824226a63c6b741c88f7ae975f18b6778374"},
    {file = "iniconfig-2.0.0.tar.gz", hash = "sha256:2d91e135bf72d31a410b17c16da610a82cb55f6b0477d1a902134b24a455b8b3"},
]

[[package]]
name = "packaging"
version = "24.2"
description = "Core utilities for Python packages"
optional = false
python-versions = ">=3.8"
groups = ["main", "dev"]
files = [
    {file = "packaging-24.2-py3-none-any.whl", hash = "sha256:09abb1bccd265c01f4a3aa3f7a7db064b36514d2cba19a2f694fe6150451a759"},
    {file = "packaging-24.2.tar.gz", hash = "sha256:c228a6dc5e932d346bc5739379109d49e8853dd8223571c7c5b55260edc0b97f"},
]

[[package]]
name = "pluggy"
version = "1.5.0"
description = "plugin and hook calling mechanisms for python"
optional = false
python-versions = ">=3.8"
groups = ["main", "dev"]
files = [
    {file = "pluggy-1.5.0-py3-none-any.whl", hash = "sha256:44e1ad92c8ca002de6377e165f3e0f1be63266ab4d554740532335b9d75ea669"},
    {file = "pluggy-1.5.0.tar.gz", hash = "sha256:2cffa88e94fdc978c4c574f15f9e59b7f4201d439195c3715ca9e2486f1d0cf1"},
]

[package.extras]
dev = ["pre-commit", "tox"]
testing = ["pytest", "pytest-benchmark"]

[[package]]
name = "pydantic"
version = "2.14.0b1"
description = "Data validation using Python type hints"
optional = false
python-versions = ">=3.10"
groups = ["main"]
files = [
    {file = "pydantic-2.14.0b1-py3-none-any.whl", hash = "sha256:c7803eac0d891142724e06f9a53264feb1b4e3dfdf89890cbe7eb819795f6b07"},
    {file = "pydantic-2.14.0b1.tar.gz", hash = "sha256:d974b3fe7e6ad2a3a5718842d4fc3f5f78142d431a8f73d2d08bc498acf39c8a"},
]

[package.dependencies]
annotated-types = ">=0.6.0"
pydantic-core = "2.48.0"
typing-extensions = ">=4.15.0"
typing-inspection = ">=0.4.2"

[package.extras]
email = ["email-validator (>=2.0.0)"]
timezone = ["tzdata ; platform_system == \"Windows\""]

[[package]]
name = "pydantic-core"
version = "2.48.0"
description = "Core functionality for Pydantic validation and serialization"
optional = false
python-versions = ">=3.10"
groups = ["main"]
files = [
    {file = "pydantic_core-2.48.0-cp310-cp310-macosx_10_12_x86_64.whl", hash = "sha256:ef32e1fc6daeb6b9f0112e121911096d28563dbac2d9bb6f4294cadbdbf5004d"},
    {file = "pydantic_core-2.48.0-cp310-cp310-macosx_11_0_arm64.whl", hash = "sha256:9129dc3ec5b8936078d512707a70dc591f536991d013bc952699714a41f73b73"},
    {file = "pydantic_core-2.48.0-cp310-cp310-manylinux_2_17_aarch64.manylinux2014_aarch64.whl", hash = "sha256:92e2253856265218d43afb673823f1c0d3863b9bbaa26ca0c0861402385f7e49"},
    {file = "pydantic_core-2.48.0-cp310-cp310-manylinux_2_17_armv7l.manylinux2014_armv7l.whl", hash = "sha256:227a0439fc99197defc197dc0bac8c72474c681a808a6870cd62bfd4b0a4ab56"},
    {file = "pydantic_core-2.48.0-cp310-cp310-manylinux_2_17_ppc64le.manylinux2014_ppc64le.whl", hash = "sha256:0775550fa7bf15ed97dba9ef37be1cbbb6f5fd79a53a51c78d4e8823e456f575"},
    {file = "pydantic_core-2.48.0-cp310-cp310-manylinux_2_17_s390x.manylinux2014_s390x.whl", hash = "sha256:78c66e6a8a9981dfe93c0732ebf51af9f3296255c72a5d9ec29159df2176abff"},
    {file = "pydantic_core-2.48.0-cp310-cp310-manylinux_2_17_x86_64.manylinux2014_x86_64.whl", hash = "sha256:e161be86326c9a8e263bf6ba9f26d1d48b68aa90ce07bbcd6b2c8c7565200a88"},
    {file = "pydantic_core-2.48.0-cp310-cp310-manylinux_2_31_riscv64.whl", hash = "sha256:85689e2ed2edc5bd2e207135400e1d9cb9448dba11f31b6df1529b65059d8624"},
    {file = "pydantic_core-2.48.0-cp310-cp310-manylinux_2_5_i686.manylinux1_i686.whl", hash = "sha256:156155db186b956a4e957d1a31d5d0d4f621a27867516e67c198111dcbb694eb"},
    {file = "pydantic_core-2.48.0-cp310-cp310-musllinux_1_1_aarch64.whl", hash = "sha256:69a2d08a38b454e6ee16824e15dfac4035de929c41378df021d8a7a67ee99e16"},
    {file = "pydantic_core-2.48.0-cp310-cp310-musllinux_1_1_armv7l.whl", hash = "sha256:1dac2c7bcb41e8f8b2b7e9937348f7ed94e63ba9d544b2c724b5e4adf800905b"},
    {file = "pydantic_core-2.48.0-cp310-cp310-musllinux_1_1_x86_64.whl", hash = "sha256:1c77b4335446405f056287f34d3145b0f79c49aa2e4b93023c8708f1c3f50688"},
    {file = "pydantic_core-2.48.0-cp310-cp310-win32.whl", hash = "sha256:b9027262f14fb58e36f0fd617c285bf10b2b3ea31043771bb4f1b9a27fd795a0"},
    {file = "pydantic_core-2.48.0-cp310-cp310-win_amd64.whl", hash = "sha256:f21799be4afd02eb9fd2309dc076a5717fffee48b4d5536383f2281db0607de7"},
    {file = "pydantic_core-2.48.0-cp311-cp311-macosx_10_12_x86_64.whl", hash = "sha256:1634b4b2687380472d314ee0dce7a98c056da3f6071fed2df52e4f70936f1f4e"},
    {file = "pydantic_core-2.48.0-cp311-cp311-macosx_11_0_arm64.whl", hash = "sha256:dbad852aa108d223e45d91bf032d5ae303295227177ebcc0ef9c343d88db6aa5"},
    {file = "pydantic_core-2.48.0-cp311-cp311-manylinux_2_17_aarch64.manylinux2014_aarch64.whl", hash = "sha256:024f06afbc680c6eb6edb6db02754e7bfa453e7fd943da05a77cceaf24a408ad"},
    {file = "pydantic_core-2.48.0-cp311-cp311-manylinux_2_17_armv7l.manylinux2014_armv7l.whl", hash = "sha256:3645e574266173554d243a414f9200df4f82350fed68e66402f2b1fd5fd5f09a"},
    {file = "pydantic_core-2.48.0-cp311-cp311-manylinux_2_17_ppc64le.manylinux2014_ppc64le.whl", hash = "sha256:bea268173cc91fa4bf5b4ac80a9b9425a8aa8634c8d2cd94208c4dd2cf67af6e"},
    {file = "pydantic_core-2.48.0-cp311-cp311-manylinux_2_17_s390x.manylinux2014_s390x.whl", hash = "sha256:b0e1f53098ae6af238c5f1db3e25adc967625cbd0fdf5b05bf0034367d996d01"},
    {file = "pydantic_core-2.48.0-cp311-cp311-manylinux_2_17_x86_64.manylinux2014_x86_64.whl", hash = "sha256:e4841c9fbb551c273cb5459526fdd296e30ae585b2b6a50bc4b1364b7df9707e"},
    {file = "pydantic_core-2.48.0-cp311-cp311-manylinux_2_31_riscv64.whl", hash = "sha256:ab0f7e68c5b8776dd47bbc383d8b80a2362bcc193b7d1e5b10589415709d92cc"},
    {file = "pydantic_core-2.48.0-cp311-cp311-manylinux_2_5_i686.manylinux1_i686.whl", hash = "sha256:614a50093ce079ec2b381ef9b8ff10354eb420ee7b29df21b40e653bab9390b6"},
    {file = "pydantic_core-2.48.0-cp311-cp311-musllinux_1_1_aarch64.whl", hash = "sha256:096519257817ce2ca02dd1cda1c7b48e936efa6a55358b592dce771312f07a0d"},
    {file = "pydantic_core-2.48.0-cp311-cp311-musllinux_1_1_armv7l.whl", hash = "sha256:a54e4802cebf85f95a22807450e0b23363af2fb815f1749343e47799eee56045"},
    {file = "pydantic_core-2.48.0-cp311-cp311-musllinux_1_1_x86_64.whl", hash = "sha256:9199c71f1ea4697edad7ad4712baff7988b4a69ff386a50b38e30b0d85755fc5"},
    {file = "pydantic_core-2.48.0-cp311-cp311-win32.whl", hash = "sha256:3b3a39816174eaabc092282d5501dffed4ab6f07e8ce9f866af171926f19e308"},
    {file = "pydantic_core-2.48.0-cp311-cp311-win_amd64.whl", hash = "sha256:e7431b7327c3875504abeb0f1fcd699f8c5b1b982345c6cba792546b65cee4c8"},
    {file = "pydantic_core-2.48.0-cp311-cp311-win_arm64.whl", hash = "sha256:186e24f569522570480f97b9372bef575875a35c4910ab4e1f31806bcefd93d6"},
    {file = "pydantic_core-2.48.0-cp312-cp312-macosx_10_12_x86_64.whl", hash = "sha256:86ab2c8185deea63d9e82406bfd82a8255ae82eaf8cfe8d30caede4b9859be2c"},
    {file = "pydantic_core-2.48.0-cp312-cp312-macosx_11_0_arm64.whl", hash = "sha256:998fe237ad91f8b6a216a344a70cc566557b3c905c4c12c319426425476ddc5a"},
    {file = "pydantic_core-2.48.0-cp312-cp312-manylinux_2_17_aarch64.manylinux2014_aarch64.whl", hash = "sha256:0692d545312b1849111d7a801515dba648cc1d40f4d1a8c3c7355c92736b0af3"},
    {file = "pydantic_core-2.48.0-cp312-cp312-manylinux_2_17_armv7l.manylinux2014_armv7l.whl", hash = "sha256:6f3f7ab3e97aa6d3d659043391b38c3cf41812c93b49692ed969d5beb66ceb29"},
    {file = "pydantic_core-2.48.0-cp312-cp312-manylinux_2_17_ppc64le.manylinux2014_ppc64le.whl", hash = "sha256:1e918f1ef44f350b3c03570b1f9b0f2f97e7dfc843fd295951af3db6df6e639d"},
    {file = "pydantic_core-2.48.0-cp312-cp312-manylinux_2_17_s390x.manylinux2014_s390x.whl", hash = "sha256:8198d74ccef5e243c3662bf7b9f847d4afec93bd08d5db8ef1a16dadaec71a5a"},
    {file = "pydantic_core-2.48.0-cp312-cp312-manylinux_2_17_x86_64.manylinux2014_x86_64.whl", hash = "sha256:3463fb9e857362b896f345f6c4349d20b817865a05eb570bf838d7c406536412"},
    {file = "pydantic_core-2.48.0-cp312-cp312-manylinux_2_31_riscv64.whl", hash = "sha256:7156d0bcc38c8084291b613696b3d23d24e4b8dc7a7a1070c5baa5907936e531"},
    {file = "pydantic_core-2.48.0-cp312-cp312-manylinux_2_5_i686.manylinux1_i686.whl", hash = "sha256:d3af1e349ecf55a66c53be2fec30fc5a528664ad3d0434aaef5b7b8475fdbd9a"},
    {file = "pydantic_core-2.48.0-cp312-cp312-musllinux_1_1_aarch64.whl", hash = "sha256:794aab60bbb5a92bb856961b294e149140d81cdf364206c55832d32588137b3b"},
    {file = "pydantic_core-2.48.0-cp312-cp312-musllinux_1_1_armv7l.whl", hash = "sha256:a52f3eafe91530b9b4b4016a20aabfce4d456be837d2ea7186eaf23ee3320d72"},
    {file = "pydantic_core-2.48.0-cp312-cp312-musllinux_1_1_x86_64.whl", hash = "sha256:2cff5642d8c477a79f7b7d05b77620d860cf80e4a0d1cdff72e08c598c12dd3a"},
    {file = "pydantic_core-2.48.0-cp312-cp312-win32.whl", hash = "sha256:c967fab606fc0cccea553c783a47136333bbc0bc27ed4c401460f2cdf4341147"},
    {file = "pydantic_core-2.48.0-cp312-cp312-win_amd64.whl", hash = "sha256:403c28347ac5a0fb4b96b52dea1f5c23ce4515a67c9dc1232ffdc31b88988c3c"},
    {file = "pydantic_core-2.48.0-cp312-cp312-win_arm64.whl", hash = "sha256:f9620adcc4f0aa76b3e2357a9649b45c17aa2834d960f502224c8477db8a3261"},
    {file = "pydantic_core-2.48.0-cp313-cp313-macosx_10_12_x86_64.whl", hash = "sha256:742e93d9bcb63d9e5a0fb26e82f175ebf183bc861f8ee18b2b5d7ed09d831803"},
    {file = "pydantic_core-2.48.0-cp313-cp313-macosx_11_0_arm64.whl", hash = "sha256:482c3707518a7163c8148686cd18d27c8f11f89cafa43a6834b42505d266b117"},
    {file = "pydantic_core-2.48.0-cp313-cp313-manylinux_2_17_aarch64.manylinux2014_aarch64.whl", hash = "sha256:73a5e0f879c9fee3b94473f92860119b6c87779214e8545a1334f346ce5adc2e"},
    {file = "pydantic_core-2.48.0-cp313-cp313-manylinux_2_17_armv7l.manylinux2014_armv7l.whl", hash = "sha256:8fde25b657fc1d960ab48f9282f6d01bcbe691a80f67aaa08055cf0842e35d5c"},
    {file = "pydantic_core-2.48.0-cp313-cp313-manylinux_2_17_ppc64le.manylinux2014_ppc64le.whl", hash = "sha256:b630303e2c555395d633c699c7b51b7a3428cee40382b1409698e0feec35f519"},
    {file = "pydantic_core-2.48.0-cp313-cp313-manylinux_2_17_s390x.manylinux2014_s390x.whl", hash = "sha256:2378f8e2f3cf79c449dce50d203111673b2f229769845338f40ae7cfce4b5693"},
    {file = "pydantic_core-2.48.0-cp313-cp313-manylinux_2_17_x86_64.manylinux2014_x86_64.whl", hash = "sha256:9a9b575ed1193508c0a2226946e5cb4e091528aa7756100355773e86f3c2d9a3"},
    {file = "pydantic_core-2.48.0-cp313-cp313-manylinux_2_31_riscv64.whl", hash = "sha256:1a9f44fac958777c1743c4a239d156c12b85e05c1cc4a040d9b227459bdb19e6"},
    {file = "pydantic_core-2.48.0-cp313-cp313-manylinux_2_5_i686.manylinux1_i686.whl", hash = "sha256:fad9aabe217d8a62cd1c46afa6b48134da8e5f6eb148bb228fac5886b9a40407"},
    {file = "pydantic_core-2.48.0-cp313-cp313-musllinux_1_1_aarch64.whl", hash = "sha256:ddea29d75d8c65dc6c2b3e8b9a178eb27e0093ded129f5bdf0b7c6654dbf90e1"},
    {file = "pydantic_core-2.48.0-cp313-cp313-musllinux_1_1_armv7l.whl", hash = "sha256:85c1006a8ae5b5ddfd908cdc98b01db9c0eb3a012c116e9054f66d4f9a6dd210"},
    {file = "pydantic_core-2.48.0-cp313-cp313-musllinux_1_1_x86_64.whl", hash = "sha256:94ed5b7ac4522a462aa44a3e830abb2ea18c1c6fc633d9fef222f63ae12d610a"},
    {file = "pydantic_core-2.48.0-cp313-cp313-win32.whl", hash = "sha256:52a860e1f01bced6685d016881338fc74d5beb491aed35a08f64d929d7c894a0"},
    {file = "pydantic_core-2.48.0-cp313-cp313-win_amd64.whl", hash = "sha256:29f6cf2dfff9206a949eeba1de29578e2199c078d3f2e25f47253e15da44fd4e"},
    {file = "pydantic_core-2.48.0-cp313-cp313-win_arm64.whl", hash = "sha256:41eaed1185feacdd39cfa02fbb46ea3e15493cedd70a901c6a1aa437cf1afec4"},
    {file = "pydantic_core-2.48.0-cp314-cp314-macosx_10_12_x86_64.whl", hash = "sha256:34fdd956d95ea79cbd58dd29afc7ebf658d32ec20b738a5a9110eac3dcc42a66"},
    {file = "pydantic_core-2.48.0-cp314-cp314-macosx_11_0_arm64.whl", hash = "sha256:aead7fc064c84c0a57f57ea373b971d33ae0df05b1866c669d7b71c0083b00f2"},
    {file = "pydantic_core-2.48.0-cp314-cp314-manylinux_2_17_aarch64.manylinux2014_aarch64.whl", hash = "sha256:1e94dc01965be40ccf1fa71833fd85d7df588a49b64a929b2d5178208a895ddb"},
    {file = "pydantic_core-2.48.0-cp314-cp314-manylinux_2_17_armv7l.manylinux2014_armv7l.whl", hash = "sha256:9244be8b15f2edd25e8724b91f0ef406a73fef29a3ba9cdf3a19acc04c135613"},
    {file = "pydantic_core-2.48.0-cp314-cp314-manylinux_2_17_ppc64le.manylinux2014_ppc64le.whl", hash = "sha256:0e615698372a8c93f91fae46ee23dc93c4cc52ba97662d2fa31829e63892d744"},
    {file = "pydantic_core-2.48.0-cp314-cp314-manylinux_2_17_s390x.manylinux2014_s390x.whl", hash = "sha256:2f2dccc4c7b4c50854ffe2786c192a7a4521d851fd42dcb3ca697bcebe0dff6e"},
    {file = "pydantic_core-2.48.0-cp314-cp314-manylinux_2_17_x86_64.manylinux2014_x86_64.whl", hash = "sha256:6643b3df515bb47c8e46c07f4530cdc7f52ffcc1845d437011dbb9198200148a"},
    {file = "pydantic_core-2.48.0-cp314-cp314-manylinux_2_31_riscv64.whl", hash = "sha256:612c4541a52fc9173df90d62cbd931a2c2f87b9f2eebe5e71b2f2d89410ee6b6"},
    {file = "pydantic_core-2.48.0-cp314-cp314-manylinux_2_5_i686.manylinux1_i686.whl", hash = "sha256:6cbb4d9f81063600c13b86a45b9413a2c4148ddfe534108a57dad47c72377f27"},
    {file = "pydantic_core-2.48.0-cp314-cp314-musllinux_1_1_aarch64.whl", hash = "sha256:43bec89e5624b0a3b9f765cb7c2f62959547362c48d82471f4da34af00612ac7"},
    {file = "pydantic_core-2.48.0-cp314-cp314-musllinux_1_1_armv7l.whl", hash = "sha256:9906053654da2b5270ffe3699868b5bb3f39b4cb74b085cf6cbbde329094102c"},
    {file = "pydantic_core-2.48.0-cp314-cp314-musllinux_1_1_x86_64.whl", hash = "sha256:4dfc6b534178202a3e43e88d73fdf5c85c151df8e920c68ea9d4890fd212cada"},
    {file = "pydantic_core-2.48.0-cp314-cp314-pyemscripten_2026_0_wasm32.whl", hash = "sha256:4fc45a49334c54541cbc97bf416d9300b4b1d3b2840dfb079b1123dc3f9ef5a6"},
    {file = "pydantic_core-2.48.0-cp314-cp314-win32.whl", hash = "sha256:def7b0c70a95a9348fcfbedf7dba9c97328b422c38ee894b8b0bb48663e408cd"},
    {file = "pydantic_core-2.48.0-cp314-cp314-win_amd64.whl", hash = "sha256:2eed50d5dcd57e319e88e117294815eae1c65d2eef316d7d87eb5398d649833d"},
    {file = "pydantic_core-2.48.0-cp314-cp314-win_arm64.whl", hash = "sha256:69ebfa782ca474ed305227a04d370c9d7f5a7f5039e7802505145d3e8ad8e309"},
    {file = "pydantic_core-2.48.0-cp314-cp314t-macosx_10_12_x86_64.whl", hash = "sha256:1aa7dfad60b42bbaa6b7be7e28f386be9b742483bfeaf26d310b466092f271be"},
    {file = "pydantic_core-2.48.0-cp314-cp314t-macosx_11_0_arm64.whl", hash = "sha256:75df20fe8ddab1153017cd791c965674b509b6fafbdf5aaef2e6793a65715694"},
    {file = "pydantic_core-2.48.0-cp314-cp314t-manylinux_2_17_aarch64.manylinux2014_aarch64.whl", hash = "sha256:8dc59ad81e0e1c3209c2040e24ec99a772155f7dcc62b09829422d4bc5ad3133"},
    {file = "pydantic_core-2.48.0-cp314-cp314t-manylinux_2_17_armv7l.manylinux2014_armv7l.whl", hash = "sha256:9cf1ad7d2d3793bd15843180da3f29d1d475661f70788a696c0faac8abc1dffb"},
    {file = "pydantic_core-2.48.0-cp314-cp314t-manylinux_2_17_ppc64le.manylinux2014_ppc64le.whl", hash = "sha256:e94566a1c7eb35b9494ad72e3bfce0ef9bff451aa883ce7b73083ac0e05b572f"},
    {file = "pydantic_core-2.48.0-cp314-cp314t-manylinux_2_17_s390x.manylinux2014_s390x.whl", hash = "sha256:643332ae4b638daaa4130089ea32039dbbc9883cc21c555771cb12a3b10f392a"},
    {file = "pydantic_core-2.48.0-cp314-cp314t-manylinux_2_17_x86_64.manylinux2014_x86_64.whl", hash = "sha256:52c950716666760f5b5bb4c115f1466adb9b6a117d28c4a0489049e258a88d01"},
    {file = "pydantic_core-2.48.0-cp314-cp314t-manylinux_2_31_riscv64.whl", hash = "sha256:fb7f8a79ac0c4fbd0849ac2431106659c0e2c3cfbfdd18810f2305a05661398b"},
    {file = "pydantic_core-2.48.0-cp314-cp314t-manylinux_2_5_i686.manylinux1_i686.whl", hash = "sha256:782e344102a11e25be4f416d9f14f0cc2710f255339ed95b0d1fb026892cca47"},
    {file = "pydantic_core-2.48.0-cp314-cp314t-musllinux_1_1_aarch64.whl", hash = "sha256:5619f21f760a7dfa6fd24f7d73b15d47c7327114d43f683791244a9b7e9127c9"},
    {file = "pydantic_core-2.48.0-cp314-cp314t-musllinux_1_1_armv7l.whl", hash = "sha256:51ac6763fb9043d00343ffa11c1c46f06d73ce4f3491e64d82729519dec4489f"},
    {file = "pydantic_core-2.48.0-cp314-cp314t-musllinux_1_1_x86_64.whl", hash = "sha256:c066ec851c4a742f7053e615a25794c30c4304f6ab1f6f8b7eb69e06a23758ec"},
    {file = "pydantic_core-2.48.0-cp314-cp314t-win32.whl", hash = "sha256:9310814fc611a1d40875c8f07cd4dcd156202d0fc2d9210fbf1cb4d130575e0d"},
    {file = "pydantic_core-2.48.0-cp314-cp314t-win_amd64.whl", hash = "sha256:54bdb4c47e063c109722fb723da0a306414700cde573ea59a6f0dd620d434f67"},
    {file = "pydantic_core-2.48.0-cp314-cp314t-win_arm64.whl", hash = "sha256:157e1f7ad13864127d12b5909e2c3b02cc64ae041bd3fa9239ab292aff4ddfd1"},
    {file = "pydantic_core-2.48.0-cp315-cp315-macosx_10_12_x86_64.whl", hash = "sha256:951d5f7754eb81381eae252af74f6c751b954b1f36e4e7d3b3b1f7a020ce0c6a"},
    {file = "pydantic_core-2.48.0-cp315-cp315-macosx_11_0_arm64.whl", hash = "sha256:c0f553fb3ace879b900e217285f83ab39bccdd0bf91238670b20b825d801037c"},
    {file = "pydantic_core-2.48.0-cp315-cp315-manylinux_2_17_aarch64.manylinux2014_aarch64.whl", hash = "sha256:fd33c885e553a5bd83a210b341026817374dc192cf62bd169b969d732a155cd1"},
    {file = "pydantic_core-2.48.0-cp315-cp315-manylinux_2_17_armv7l.manylinux2014_armv7l.whl", hash = "sha256:2f6b45257e2682fc2ea42d2ffeb1fb92630329a496214c2c438523f9b614cbc3"},
    {file = "pydantic_core-2.48.0-cp315-cp315-manylinux_2_17_ppc64le.manylinux2014_ppc64le.whl", hash = "sha256:dc088260cc20d901d5c380e9c881ceb644cdb9c69580674e1c25a38d4417eb5b"},
    {file = "pydantic_core-2.48.0-cp315-cp315-manylinux_2_17_s390x.manylinux2014_s390x.whl", hash = "sha256:0f144e303ad0eaf41fd596a78a7706542eb97ba81c13c8fd51c2af5233b73590"},
    {file = "pydantic_core-2.48.0-cp315-cp315-manylinux_2_17_x86_64.manylinux2014_x86_64.whl", hash = "sha256:dd51d8521aa76356350f05951e45a9bd05a342e31c5d3ec437bfb5d327ade14d"},
    {file = "pydantic_core-2.48.0-cp315-cp315-manylinux_2_31_riscv64.whl", hash = "sha256:b1f382f0e0ec8623ea4f3f477ab22e67d6ba684e25f49a39a01b121dcf528bf3"},
    {file = "pydantic_core-2.48.0-cp315-cp315-manylinux_2_5_i686.manylinux1_i686.whl", hash = "sha256:69c17bce5458c97b1c34d2ea2b388de6e27285d18d8b5eb14195d7de5dded37e"},
    {file = "pydantic_core-2.48.0-cp315-cp315-musllinux_1_1_aarch64.whl", hash = "sha256:a9e540e17c61ecadc2825cfe097efe1e618f67613c331ff6e35a30f7d0d71180"},
    {file = "pydantic_core-2.48.0-cp315-cp315-musllinux_1_1_armv7l.whl", hash = "sha256:729e27d5877d3a61f829d43042293ace2b725c1e66f367a187c05d11280dab83"},
    {file = "pydantic_core-2.48.0-cp315-cp315-musllinux_1_1_x86_64.whl", hash = "sha256:83785d4c37e362ab1efdaf4067cd4a2ee1f7cc380ac7a7fad04a9542c697027f"},
    {file = "pydantic_core-2.48.0-cp315-cp315-win32.whl", hash = "sha256:2ac14fb788fc51fb2cd044817bab9c98abd352fe3e4424463da805d18a0478fb"},
    {file = "pydantic_core-2.48.0-cp315-cp315-win_amd64.whl", hash = "sha256:1778e349e1bcaf0b1850d4b9cf0a1ff4edea36bc11b69b560c6ef644e60a9e85"},
    {file = "pydantic_core-2.48.0-cp315-cp315-win_arm64.whl", hash = "sha256:eaa9e2d0ef1bb345d6870f72ab12b2a5522231e38bfaddc0b903b5af00537267"},
    {file = "pydantic_core-2.48.0-cp315-cp315t-macosx_10_12_x86_64.whl", hash = "sha256:4e36b7ba6c7713d17d768b21e06763cb6440eaf3798cec4ac22e4c685c73d6cb"},
    {file = "pydantic_core-2.48.0-cp315-cp315t-macosx_11_0_arm64.whl", hash = "sha256:bb833596eced78da91d24e7d84150085aaca21825e2267f098c972f4a790a1a6"},
    {file = "pydantic_core-2.48.0-cp315-cp315t-manylinux_2_17_aarch64.manylinux2014_aarch64.whl", hash = "sha256:de1c807c15fd6403ef651c5ae6324a640d92cec6b39a5af58c57f4e031f05859"},
    {file = "pydantic_core-2.48.0-cp315-cp315t-manylinux_2_17_armv7l.manylinux2014_armv7l.whl", hash = "sha256:2216aae7b54dc12c8f6228dc2ca92dc758f4f8906f2fb5565063e2499361b910"},
    {file = "pydantic_core-2.48.0-cp315-cp315t-manylinux_2_17_ppc64le.manylinux2014_ppc64le.whl", hash = "sha256:837426357feb1f52c42b24e611728b394a6f4ae4ac7c461ed55be201bcbc811f"},
    {file = "pydantic_core-2.48.0-cp315-cp315t-manylinux_2_17_s390x.manylinux2014_s390x.whl", hash = "sha256:fb8807da40e346c5ae65846e721d96ef84776e103b5ad6923a95843ba0e17eac"},
    {file = "pydantic_core-2.48.0-cp315-cp315t-manylinux_2_17_x86_64.manylinux2014_x86_64.whl", hash = "sha256:55bb2a177d33bbf22e441f34928183230018518578360cd782bbe17e3a877b5e"},
    {file = "pydantic_core-2.48.0-cp315-cp315t-manylinux_2_31_riscv64.whl", hash = "sha256:d77765d9c9bc37edc2ffb98e724a3e57b08932bef5407ba04f00bc59854af113"},
    {file = "pydantic_core-2.48.0-cp315-cp315t-manylinux_2_5_i686.manylinux1_i686.whl", hash = "sha256:d058233dba56eb3de2eae96cb0acacc521417ed34de72507c9360202cef32ace"},
    {file = "pydantic_core-2.48.0-cp315-cp315t-musllinux_1_1_aarch64.whl", hash = "sha256:95c0e79985e0c1af0f769384f369412652f06e2e3d5a679223d15820f4881107"},
    {file = "pydantic_core-2.48.0-cp315-cp315t-musllinux_1_1_armv7l.whl", hash = "sha256:2384954580b564a3ae0ffc8bf37c794c75c22dbb3cac0a9f941b9ad1de3e4e03"},
    {file = "pydantic_core-2.48.0-cp315-cp315t-musllinux_1_1_x86_64.whl", hash = "sha256:c40ba3924215e6c1616e897dc4342942db38c0f21a3bf50d7f6adfe3d9de344c"},
    {file = "pydantic_core-2.48.0-cp315-cp315t-win32.whl", hash = "sha256:e88a758fc73c5e5e031c33b11f114e112ec0d5b5fa537db7d8d5e8c44c3c1841"},
    {file = "pydantic_core-2.48.0-cp315-cp315t-win_amd64.whl", hash = "sha256:1992edde312b15554d048176de39d7dbd59b3d637a96d71457e5251d089f7662"},
    {file = "pydantic_core-2.48.0-cp315-cp315t-win_arm64.whl", hash = "sha256:1514098b2d6d91e94840b90fa801e717893255c7468061faf38728ac27063d55"},
    {file = "pydantic_core-2.48.0-graalpy311-graalpy242_311_native-macosx_10_12_x86_64.whl", hash = "sha256:40a035f7a82ffaccd9599617bb0470425328be77e7937efe5e050d5b692a75e3"},
    {file = "pydantic_core-2.48.0-graalpy311-graalpy242_311_native-macosx_11_0_arm64.whl", hash = "sha256:10dfc23a238a3385c9a2c0a63ff7ca5ec42adb52c2c1c2f56b4c3d888fa37307"},
    {file = "pydantic_core-2.48.0-graalpy311-graalpy242_311_native-manylinux_2_17_aarch64.manylinux2014_aarch64.whl", hash = "sha256:ddfb1090d09ae7fd9e377ae570de535792d7cec088fb7d283ea6ac67fc1f24f0"},
    {file = "pydantic_core-2.48.0-graalpy311-graalpy242_311_native-manylinux_2_17_x86_64.manylinux2014_x86_64.whl", hash = "sha256:062289bfd4f99f40bab32f725fdcdad9244119c06d41d62da019a3f4827cdc2d"},
    {file = "pydantic_core-2.48.0-graalpy312-graalpy250_312_native-macosx_10_12_x86_64.whl", hash = "sha256:36196b58c314af63cb1350f57ebfbed122678f2727e8ad3f41015b9d57e5dc94"},
    {file = "pydantic_core-2.48.0-graalpy312-graalpy250_312_native-macosx_11_0_arm64.whl", hash = "sha256:83a9509271a3a1314fc2a928d98b3b9910250e42a9a409b852454a4c6fee4710"},
    {file = "pydantic_core-2.48.0-graalpy312-graalpy250_312_native-manylinux_2_17_aarch64.manylinux2014_aarch64.whl", hash = "sha256:52f751b64b99cbb1596ae6e9a044610a1dd716f07f65ef4dfcb8693458d66b14"},
    {file = "pydantic_core-2.48.0-graalpy312-graalpy250_312_native-manylinux_2_17_x86_64.manylinux2014_x86_64.whl", hash = "sha256:3f1d556f02ae80aab0626639eb1aed304e7d37e52791839b39d7c7ae0acfbfbd"},
    {file = "pydantic_core-2.48.0-pp311-pypy311_pp73-macosx_10_12_x86_64.whl", hash = "sha256:44ad0cd44c9051b0ba47aee87a4a70ee2339f5b4490428a021cee3627bd9bf8b"},
    {file = "pydantic_core-2.48.0-pp311-pypy311_pp73-macosx_11_0_arm64.whl", hash = "sha256:ed47cb6383542456456bd0166df05cfaa0139c363635cbc74a69976d37218367"},
    {file = "pydantic_core-2.48.0-pp311-pypy311_pp73-manylinux_2_17_x86_64.manylinux2014_x86_64.whl", hash = "sha256:67b6a6d9fa9d52b2d2097ca4e5a40759b76e0021c0d68b36863d0538c95e1090"},
    {file = "pydantic_core-2.48.0-pp311-pypy311_pp73-manylinux_2_5_i686.manylinux1_i686.whl", hash = "sha256:e022eb9d12dd5b1b1a3a053bcb71e1bb7ef762965c4a18acca8bdedc6f5379bd"},
    {file = "pydantic_core-2.48.0-pp311-pypy311_pp73-musllinux_1_1_aarch64.whl", hash = "sha256:d7be132e08826f4d8da5c0395c4aa6b4f6a13bd9f75f1615711c9e75d5dea019"},
    {file = "pydantic_core-2.48.0-pp311-pypy311_pp73-musllinux_1_1_armv7l.whl", hash = "sha256:bc86b6a4a7f1f6f6e51841da08997cc37186a701ea0788810ef61e3c79fb6d29"},
    {file = "pydantic_core-2.48.0-pp311-pypy311_pp73-musllinux_1_1_x86_64.whl", hash = "sha256:93072e2104eec33679477b6ba923e90fde59cedf2a525dad869b685c640b44f0"},
    {file = "pydantic_core-2.48.0-pp311-pypy311_pp73-win_amd64.whl", hash = "sha256:19b9d3bb1a2ef6c692729e47f015327d6f9d2387edcc36fa2f57851e98166cb7"},
    {file = "pydantic_core-2.48.0.tar.gz", hash = "sha256:8714f70dafdffea0a5596cc88eddbdc71f5856563947970dcbd0f1ced61ed05f"},
]

[package.dependencies]
typing-extensions = ">=4.14.1"

[[package]]
name = "pygments"
version = "2.21.0"
description = "Pygments is a syntax highlighting package written in Python."
optional = false
python-versions = ">=3.9"
groups = ["main", "dev"]
files = [
    {file = "pygments-2.21.0-py3-none-any.whl", hash = "sha256:2363c69b61c4a97c838da3b130dcd6468f4848992b21a82f2a63ec34377137d9"},
    {file = "pygments-2.21.0.tar.gz", hash = "sha256:610ca751c9bc2492b38eb9a38a7fbc93edbbb2d7182edaf34e66ae493dee5c8c"},
]

[package.extras]
windows-terminal = ["colorama (>=0.4.6)"]

[[package]]
name = "pytest"
version = "8.4.2"
description = "pytest: simple powerful testing with Python"
optional = false
python-versions = ">=3.9"
groups = ["main", "dev"]
files = [
    {file = "pytest-8.4.2-py3-none-any.whl", hash = "sha256:872f880de3fc3a5bdc88a11b39c9710c3497a547cfa9320bc3c5e62fbf272e79"},
    {file = "pytest-8.4.2.tar.gz", hash = "sha256:86c0d0b93306b961d58d62a4db4879f27fe25513d4b969df351abdddb3c30e01"},
]

[package.dependencies]
colorama = {version = ">=0.4", markers = "sys_platform == \"win32\""}
iniconfig = ">=1"
packaging = ">=20"
pluggy = ">=1.5,<2"
pygments = ">=2.7.2"

[package.extras]
dev = ["argcomplete", "attrs (>=19.2)", "hypothesis (>=3.56)", "mock", "requests", "setuptools", "xmlschema"]

[[package]]
name = "pytest-cov"
version = "6.3.0"
description = "Pytest plugin for measuring coverage."
optional = false
python-versions = ">=3.9"
groups = ["main"]
files = [
    {file = "pytest_cov-6.3.0-py3-none-any.whl", hash = "sha256:440db28156d2468cafc0415b4f8e50856a0d11faefa38f30906048fe490f1749"},
    {file = "pytest_cov-6.3.0.tar.gz", hash = "sha256:35c580e7800f87ce892e687461166e1ac2bcb8fb9e13aea79032518d6e503ff2"},
]

[package.dependencies]
coverage = {version = ">=7.5", extras = ["toml"]}
pluggy = ">=1.2"
pytest = ">=6.2.5"

[package.extras]
testing = ["fields", "hunter", "process-tests", "pytest-xdist", "virtualenv"]

[[package]]
name = "sniffio"
version = "1.3.1"
description = "Sniff out which async library your code is running under"
optional = false
python-versions = ">=3.7"
groups = ["main"]
files = [
    {file = "sniffio-1.3.1-py3-none-any.whl", hash = "sha256:2f6da418d1f1e0fddd844478f41680e794e6051915791a034ff65e5f100525a2"},
    {file = "sniffio-1.3.1.tar.gz", hash = "sha256:f4324edc670a0f49750a81b895f35c3adb843cca46f0530f79fc1babb23789dc"},
]

[[package]]
name = "starlette"
version = "0.46.0"
description = "The little ASGI library that shines."
optional = false
python-versions = ">=3.9"
groups = ["main"]
files = [
    {file = "starlette-0.46.0-py3-none-any.whl", hash = "sha256:913f0798bd90ba90a9156383bcf1350a17d6259451d0d8ee27fc0cf2db609038"},
    {file = "starlette-0.46.0.tar.gz", hash = "sha256:b359e4567456b28d473d0193f34c0de0ed49710d75ef183a74a5ce0499324f50"},
]

[package.dependencies]
anyio = ">=3.6.2,<5"

[package.extras]
full = ["httpx (>=0.27.0,<0.29.0)", "itsdangerous", "jinja2", "python-multipart (>=0.0.18)", "pyyaml"]

[[package]]
name = "typing-extensions"
version = "4.16.0"
description = "Backported and Experimental Type Hints for Python 3.9+"
optional = false
python-versions = ">=3.9"
groups = ["main"]
files = [
    {file = "typing_extensions-4.16.0-py3-none-any.whl", hash = "sha256:481caa481374e813c1b176ada14e97f1f67a4539ce9cfeb3f350d78d6370c2e8"},
    {file = "typing_extensions-4.16.0.tar.gz", hash = "sha256:dc983d19a509c94dba722ee6abd33940f7c05a89e243c47e907eb4db6f1a43e5"},
]

[[package]]
name = "typing-inspection"
version = "0.4.4"
description = "Runtime typing introspection tools"
optional = false
python-versions = ">=3.10"
groups = ["main"]
files = [
    {file = "typing_inspection-0.4.4-py3-none-any.whl", hash = "sha256:65b8397ba37ccbce054456aaccddfc91e6e3083c92824df348d96ca832f3f147"},
    {file = "typing_inspection-0.4.4.tar.gz", hash = "sha256:547274fa6b0a561ccf549cc9524b999a578e737d015d8709d021f9d0d13bea47"},
]

[package.dependencies]
typing-extensions = ">=4.15.0"

[metadata]
lock-version = "2.1"
python-versions = "^3.12"
content-hash = "d397e0adfae16ed1703b3d5db2189f290bdc40223078ace515c3ae0d1a52b633"
