# This file is automatically @generated by Poetry 2.1.1 and should not be changed by hand.

[[package]]
name = "annotated-doc"
version = "0.0.5"
description = "Document parameters, class attributes, return types, and variables inline, with Annotated."
optional = false
python-versions = ">=3.9"
groups = ["main"]
files = [
    {file = "annotated_doc-0.0.5-py3-none-any.whl", hash = "sha256:117bac03a25ede5df5440e855b32d556049ca169ead221505badf432fed4b101"},
    {file = "annotated_doc-0.0.5.tar.gz", hash = "sha256:c7e58ce09192557605d8bbd92836d7e1d520ac9580096042c0bfd197efacf1bb"},
]

[[package]]
name = "annotated-types"
version = "0.8.0"
description = "Reusable constraint types to use with typing.Annotated"
optional = false
python-versions = ">=3.10"
groups = ["main"]
files = [
    {file = "annotated_types-0.8.0-py3-none-any.whl", hash = "sha256:f072f4d804ea359e4eaf198b1af7a8b0943881a87f31bb764f8bf219bb9419e0"},
    {file = "annotated_types-0.8.0.tar.gz", hash = "sha256:13b2beaad985e05e2d6407ee4c4f35590b11f8d693a258a561055cac8f64cab7"},
]

[[package]]
name = "anyio"
version = "4.8.0"
description = "High level compatibility layer for multiple asynchronous event loop implementations"
optional = false
python-versions = ">=3.9"
groups = ["main"]
files = [
    {file = "anyio-4.8.0-py3-none-any.whl", hash = "sha256:b5011f270ab5eb0abf13385f851315585cc37ef330dd88e27ec3d34d651fd47a"},
    {file = "anyio-4.8.0.tar.gz", hash = "sha256:1d9fe889df5212298c0c0723fa20479d1b94883a2df44bd3897aa91083316f7a"},
]

[package.dependencies]
idna = ">=2.8"
sniffio = ">=1.1"
typing_extensions = {version = ">=4.5", markers = "python_version < \"3.13\""}

[package.extras]
doc = ["Sphinx (>=7.4,<8.0)", "packaging", "sphinx-autodoc-typehints (>=1.2.0)", "sphinx_rtd_theme"]
test = ["anyio[trio]", "coverage[toml] (>=7)", "exceptiongroup (>=1.2.0)", "hypothesis (>=4.0)", "psutil (>=5.9)", "pytest (>=7.0)", "trustme", "truststore (>=0.9.1) ; python_version >= \"3.10\"", "uvloop (>=0.21) ; platform_python_implementation == \"CPython\" and platform_system != \"Windows\" and python_version < \"3.14\""]
trio = ["trio (>=0.26.1)"]

[[package]]
name = "certifi"
version = "2025.1.31"
description = "Python package for providing Mozilla's CA Bundle."
optional = false
python-versions = ">=3.6"
groups = ["main"]
files = [
    {file = "certifi-2025.1.31-py3-none-any.whl", hash = "sha256:ca78db4565a652026a4db2bcdf68f2fb589ea80d0be70e03929ed730746b84fe"},
    {file = "certifi-2025.1.31.tar.gz", hash = "sha256:3d5da6925056f6f18f119200434a4780a94263f10d1c21d032a6f6b2baa20651"},
]

[[package]]
name = "colorama"
version = "0.4.6"
description = "Cross-platform colored terminal text."
optional = false
python-versions = "!=3.0.*,!=3.1.*,!=3.2.*,!=3.3.*,!=3.4.*,!=3.5.*,!=3.6.*,>=2.7"
groups = ["main", "dev"]
markers = "sys_platform == \"win32\""
files = [
    {file = "colorama-0.4.6-py2.py3-none-any.whl", hash = "sha256:4f1d9991f5acc0ca119f9d443620b77f9d6b33703e51011c16baf57afb285fc6"},
    {file = "colorama-0.4.6.tar.gz", hash = "sha256:08695f5cb7ed6e0531a20572697297273c47b8cae5a63ffc6d6ed5c201be6e44"},
]

[[package]]
name = "coverage"
version = "7.6.12"
description = "Code coverage measurement for Python"
optional = false
python-versions = ">=3.9"
groups = ["main"]
files = [
    {file = "coverage-7.6.12-cp310-cp310-macosx_10_9_x86_64.whl", hash = "sha256:704c8c8c6ce6569286ae9622e534b4f5b9759b6f2cd643f1c1a61f666d534fe8"},
    {file = "coverage-7.6.12-cp310-cp310-macosx_11_0_arm64.whl", hash = "sha256:ad7525bf0241e5502168ae9c643a2f6c219fa0a283001cee4cf23a9b7da75879"},
    {file = "coverage-7.6.12-cp310-cp310-manylinux_2_17_aarch64.manylinux2014_aarch64.whl", hash = "sha256:06097c7abfa611c91edb9e6920264e5be1d6ceb374efb4986f38b09eed4cb2fe"},
    {file = "coverage-7.6.12-cp310-cp310-manylinux_2_5_i686.manylinux1_i686.manylinux_2_17_i686.manylinux2014_i686.whl", hash = "sha256:220fa6c0ad7d9caef57f2c8771918324563ef0d8272c94974717c3909664e674"},
    {file = "coverage-7.6.12-cp310-cp310-manylinux_2_5_x86_64.manylinux1_x86_64.manylinux_2_17_x86_64.manylinux2014_x86_64.whl", hash = "sha256:3688b99604a24492bcfe1c106278c45586eb819bf66a654d8a9a1433022fb2eb"},
    {file = "coverage-7.6.12-cp310-cp310-musllinux_1_2_aarch64.whl", hash = "sha256:d1a987778b9c71da2fc8948e6f2656da6ef68f59298b7e9786849634c35d2c3c"},
    {file = "coverage-7.6.12-cp310-cp310-musllinux_1_2_i686.whl", hash = "sha256:cec6b9ce3bd2b7853d4a4563801292bfee40b030c05a3d29555fd2a8ee9bd68c"},
    {file = "coverage-7.6.12-cp310-cp310-musllinux_1_2_x86_64.whl", hash = "sha256:ace9048de91293e467b44bce0f0381345078389814ff6e18dbac8fdbf896360e"},
    {file = "coverage-7.6.12-cp310-cp310-win32.whl", hash = "sha256:ea31689f05043d520113e0552f039603c4dd71fa4c287b64cb3606140c66f425"},
    {file = "coverage-7.6.12-cp310-cp310-win_amd64.whl", hash = "sha256:676f92141e3c5492d2a1596d52287d0d963df21bf5e55c8b03075a60e1ddf8aa"},
    {file = "coverage-7.6.12-cp311-cp311-macosx_10_9_x86_64.whl", hash = "sha256:e18aafdfb3e9ec0d261c942d35bd7c28d031c5855dadb491d2723ba54f4c3015"},
    {file = "coverage-7.6.12-cp311-cp311-macosx_11_0_arm64.whl", hash = "sha256:66fe626fd7aa5982cdebad23e49e78ef7dbb3e3c2a5960a2b53632f1f703ea45"},
    {file = "coverage-7.6.12-cp311-cp311-manylinux_2_17_aarch64.manylinux2014_aarch64.whl", hash = "sha256:0ef01d70198431719af0b1f5dcbefc557d44a190e749004042927b2a3fed0702"},
    {file = "coverage-7.6.12-cp311-cp311-manylinux_2_5_i686.manylinux1_i686.manylinux_2_17_i686.manylinux2014_i686.whl", hash = "sha256:07e92ae5a289a4bc4c0aae710c0948d3c7892e20fd3588224ebe242039573bf0"},
    {file = "coverage-7.6.12-cp311-cp311-manylinux_2_5_x86_64.manylinux1_x86_64.manylinux_2_17_x86_64.manylinux2014_x86_64.whl", hash = "sha256:e695df2c58ce526eeab11a2e915448d3eb76f75dffe338ea613c1201b33bab2f"},
    {file = "coverage-7.6.12-cp311-cp311-musllinux_1_2_aarch64.whl", hash = "sha256:d74c08e9aaef995f8c4ef6d202dbd219c318450fe2a76da624f2ebb9c8ec5d9f"},
    {file = "coverage-7.6.12-cp311-cp311-musllinux_1_2_i686.whl", hash = "sha256:e995b3b76ccedc27fe4f477b349b7d64597e53a43fc2961db9d3fbace085d69d"},
    {file = "coverage-7.6.12-cp311-cp311-musllinux_1_2_x86_64.whl", hash = "sha256:b1f097878d74fe51e1ddd1be62d8e3682748875b461232cf4b52ddc6e6db0bba"},
    {file = "coverage-7.6.12-cp311-cp311-win32.whl", hash = "sha256:1f7ffa05da41754e20512202c866d0ebfc440bba3b0ed15133070e20bf5aeb5f"},
    {file = "coverage-7.6.12-cp311-cp311-win_amd64.whl", hash = "sha256:e216c5c45f89ef8971373fd1c5d8d1164b81f7f5f06bbf23c37e7908d19e8558"},
    {file = "coverage-7.6.12-cp312-cp312-macosx_10_13_x86_64.whl", hash = "sha256:b172f8e030e8ef247b3104902cc671e20df80163b60a203653150d2fc204d1ad"},
    {file = "coverage-7.6.12-cp312-cp312-macosx_11_0_arm64.whl", hash = "sha256:641dfe0ab73deb7069fb972d4d9725bf11c239c309ce694dd50b1473c0f641c3"},
    {file = "coverage-7.6.12-cp312-cp312-manylinux_2_17_aarch64.manylinux2014_aarch64.whl", hash = "sha256:0e549f54ac5f301e8e04c569dfdb907f7be71b06b88b5063ce9d6953d2d58574"},
    {file = "coverage-7.6.12-cp312-cp312-manylinux_2_5_i686.manylinux1_i686.manylinux_2_17_i686.manylinux2014_i686.whl", hash = "sha256:959244a17184515f8c52dcb65fb662808767c0bd233c1d8a166e7cf74c9ea985"},
    {file = "coverage-7.6.12-cp312-cp312-manylinux_2_5_x86_64.manylinux1_x86_64.manylinux_2_17_x86_64.manylinux2014_x86_64.whl", hash = "sha256:bda1c5f347550c359f841d6614fb8ca42ae5cb0b74d39f8a1e204815ebe25750"},
    {file = "coverage-7.6.12-cp312-cp312-musllinux_1_2_aarch64.whl", hash = "sha256:1ceeb90c3eda1f2d8c4c578c14167dbd8c674ecd7d38e45647543f19839dd6ea"},
    {file = "coverage-7.6.12-cp312-cp312-musllinux_1_2_i686.whl", hash = "sha256:0f16f44025c06792e0fb09571ae454bcc7a3ec75eeb3c36b025eccf501b1a4c3"},
    {file = "coverage-7.6.12-cp312-cp312-musllinux_1_2_x86_64.whl", hash = "sha256:b076e625396e787448d27a411aefff867db2bffac8ed04e8f7056b07024eed5a"},
    {file = "coverage-7.6.12-cp312-cp312-win32.whl", hash = "sha256:00b2086892cf06c7c2d74983c9595dc511acca00665480b3ddff749ec4fb2a95"},
    {file = "coverage-7.6.12-cp312-cp312-win_amd64.whl", hash = "sha256:7ae6eabf519bc7871ce117fb18bf14e0e343eeb96c377667e3e5dd12095e0288"},
    {file = "coverage-7.6.12-cp313-cp313-macosx_10_13_x86_64.whl", hash = "sha256:488c27b3db0ebee97a830e6b5a3ea930c4a6e2c07f27a5e67e1b3532e76b9ef1"},
    {file = "coverage-7.6.12-cp313-cp313-macosx_11_0_arm64.whl", hash = "sha256:5d1095bbee1851269f79fd8e0c9b5544e4c00c0c24965e66d8cba2eb5bb535fd"},
    {file = "coverage-7.6.12-cp313-cp313-manylinux_2_17_aarch64.manylinux2014_aarch64.whl", hash = "sha256:0533adc29adf6a69c1baa88c3d7dbcaadcffa21afbed3ca7a225a440e4744bf9"},
    {file = "coverage-7.6.12-cp313-cp313-manylinux_2_5_i686.manylinux1_i686.manylinux_2_17_i686.manylinux2014_i686.whl", hash = "sha256:53c56358d470fa507a2b6e67a68fd002364d23c83741dbc4c2e0680d80ca227e"},
    {file = "coverage-7.6.12-cp313-cp313-manylinux_2_5_x86_64.manylinux1_x86_64.manylinux_2_17_x86_64.manylinux2014_x86_64.whl", hash = "sha256:64cbb1a3027c79ca6310bf101014614f6e6e18c226474606cf725238cf5bc2d4"},
    {file = "coverage-7.6.12-cp313-cp313-musllinux_1_2_aarch64.whl", hash = "sha256:79cac3390bfa9836bb795be377395f28410811c9066bc4eefd8015258a7578c6"},
    {file = "coverage-7.6.12-cp313-cp313-musllinux_1_2_i686.whl", hash = "sha256:9b148068e881faa26d878ff63e79650e208e95cf1c22bd3f77c3ca7b1d9821a3"},
    {file = "coverage-7.6.12-cp313-cp313-musllinux_1_2_x86_64.whl", hash = "sha256:8bec2ac5da793c2685ce5319ca9bcf4eee683b8a1679051f8e6ec04c4f2fd7dc"},
    {file = "coverage-7.6.12-cp313-cp313-win32.whl", hash = "sha256:200e10beb6ddd7c3ded322a4186313d5ca9e63e33d8fab4faa67ef46d3460af3"},
    {file = "coverage-7.6.12-cp313-cp313-win_amd64.whl", hash = "sha256:2b996819ced9f7dbb812c701485d58f261bef08f9b85304d41219b1496b591ef"},
    {file = "coverage-7.6.12-cp313-cp313t-macosx_10_13_x86_64.whl", hash = "sha256:299cf973a7abff87a30609879c10df0b3bfc33d021e1adabc29138a48888841e"},
    {file = "coverage-7.6.12-cp313-cp313t-macosx_11_0_arm64.whl", hash = "sha256:4b467a8c56974bf06e543e69ad803c6865249d7a5ccf6980457ed2bc50312703"},
    {file = "coverage-7.6.12-cp313-cp313t-manylinux_2_17_aarch64.manylinux2014_aarch64.whl", hash = "sha256:2458f275944db8129f95d91aee32c828a408481ecde3b30af31d552c2ce284a0"},
    {file = "coverage-7.6.12-cp313-cp313t-manylinux_2_5_i686.manylinux1_i686.manylinux_2_17_i686.manylinux2014_i686.whl", hash = "sha256:0a9d8be07fb0832636a0f72b80d2a652fe665e80e720301fb22b191c3434d924"},
    {file = "coverage-7.6.12-cp313-cp313t-manylinux_2_5_x86_64.manylinux1_x86_64.manylinux_2_17_x86_64.manylinux2014_x86_64.whl", hash = "sha256:14d47376a4f445e9743f6c83291e60adb1b127607a3618e3185bbc8091f0467b"},
    {file = "coverage-7.6.12-cp313-cp313t-musllinux_1_2_aarch64.whl", hash = "sha256:b95574d06aa9d2bd6e5cc35a5bbe35696342c96760b69dc4287dbd5abd4ad51d"},
    {file = "coverage-7.6.12-cp313-cp313t-musllinux_1_2_i686.whl", hash = "sha256:ecea0c38c9079570163d663c0433a9af4094a60aafdca491c6a3d248c7432827"},
    {file = "coverage-7.6.12-cp313-cp313t-musllinux_1_2_x86_64.whl", hash = "sha256:2251fabcfee0a55a8578a9d29cecfee5f2de02f11530e7d5c5a05859aa85aee9"},
    {file = "coverage-7.6.12-cp313-cp313t-win32.whl", hash = "sha256:eb5507795caabd9b2ae3f1adc95f67b1104971c22c624bb354232d65c4fc90b3"},
    {file = "coverage-7.6.12-cp313-cp313t-win_amd64.whl", hash = "sha256:f60a297c3987c6c02ffb29effc70eadcbb412fe76947d394a1091a3615948e2f"},
    {file = "coverage-7.6.12-cp39-cp39-macosx_10_9_x86_64.whl", hash = "sha256:e7575ab65ca8399c8c4f9a7d61bbd2d204c8b8e447aab9d355682205c9dd948d"},
    {file = "coverage-7.6.12-cp39-cp39-macosx_11_0_arm64.whl", hash = "sha256:8161d9fbc7e9fe2326de89cd0abb9f3599bccc1287db0aba285cb68d204ce929"},
    {file = "coverage-7.6.12-cp39-cp39-manylinux_2_17_aarch64.manylinux2014_aarch64.whl", hash = "sha256:3a1e465f398c713f1b212400b4e79a09829cd42aebd360362cd89c5bdc44eb87"},
    {file = "coverage-7.6.12-cp39-cp39-manylinux_2_5_i686.manylinux1_i686.manylinux_2_17_i686.manylinux2014_i686.whl", hash = "sha256:f25d8b92a4e31ff1bd873654ec367ae811b3a943583e05432ea29264782dc32c"},
    {file = "coverage-7.6.12-cp39-cp39-manylinux_2_5_x86_64.manylinux1_x86_64.manylinux_2_17_x86_64.manylinux2014_x86_64.whl", hash = "sha256:1a936309a65cc5ca80fa9f20a442ff9e2d06927ec9a4f54bcba9c14c066323f2"},
    {file = "coverage-7.6.12-cp39-cp39-musllinux_1_2_aarch64.whl", hash = "sha256:aa6f302a3a0b5f240ee201297fff0bbfe2fa0d415a94aeb257d8b461032389bd"},
    {file = "coverage-7.6.12-cp39-cp39-musllinux_1_2_i686.whl", hash = "sha256:f973643ef532d4f9be71dd88cf7588936685fdb576d93a79fe9f65bc337d9d73"},
    {file = "coverage-7.6.12-cp39-cp39-musllinux_1_2_x86_64.whl", hash = "sha256:78f5243bb6b1060aed6213d5107744c19f9571ec76d54c99cc15938eb69e0e86"},
    {file = "coverage-7.6.12-cp39-cp39-win32.whl", hash = "sha256:69e62c5034291c845fc4df7f8155e8544178b6c774f97a99e2734b05eb5bed31"},
    {file = "coverage-7.6.12-cp39-cp39-win_amd64.whl", hash = "sha256:b01a840ecc25dce235ae4c1b6a0daefb2a203dba0e6e980637ee9c2f6ee0df57"},
    {file = "coverage-7.6.12-pp39.pp310-none-any.whl", hash = "sha256:7e39e845c4d764208e7b8f6a21c541ade741e2c41afabdfa1caa28687a3c98cf"},
    {file = "coverage-7.6.12-py3-none-any.whl", hash = "sha256:eb8668cfbc279a536c633137deeb9435d2962caec279c3f8cf8b91fff6ff8953"},
    {file = "coverage-7.6.12.tar.gz", hash = "sha256:48cfc4641d95d34766ad41d9573cc0f22a48aa88d22657a1fe01dca0dbae4de2"},
]

[package.extras]
toml = ["tomli ; python_full_version <= \"3.11.0a6\""]

[[package]]
name = "fastapi"
version = "0.141.1"
description = "FastAPI framework, high performance, easy to learn, fast to code, ready for production"
optional = false
python-versions = ">=3.10"
groups = ["main"]
files = [
    {file = "fastapi-0.141.1-py3-none-any.whl", hash = "sha256:bfb91aa2d334c61cb35ba9a116fc123b3d3df31640b801cf57a7a78ec3f603b3"},
    {file = "fastapi-0.141.1.tar.gz", hash = "sha256:e8822fc40db1e1858054d7a949a888695bc9bdce70139178e33bd2871a453ca1"},
]

[package.dependencies]
annotated-doc = ">=0.0.2"
pydantic = ">=2.9.0"
starlette = ">=0.46.0"
typing-extensions = ">=4.8.0"
typing-inspection = ">=0.4.2"

[package.extras]
all = ["email-validator (>=2.0.0)", "fastapi-cli[standard] (>=0.0.32)", "httpx (>=0.23.0,<1.0.0)", "itsdangerous (>=1.1.0)", "jinja2 (>=3.1.5)", "pydantic-extra-types (>=2.0.0)", "pydantic-settings (>=2.0.0)", "python-multipart (>=0.0.18)", "pyyaml (>=5.3.1)", "uvicorn[standard] (>=0.12.0)"]
standard = ["email-validator (>=2.0.0)", "fastapi-cli[standard] (>=0.0.32)", "fastar (>=0.9.0)", "httpx (>=0.23.0,<1.0.0)", "jinja2 (>=3.1.5)", "pydantic-extra-types (>=2.0.0)", "pydantic-settings (>=2.0.0)", "python-multipart (>=0.0.18)", "uvicorn[standard] (>=0.12.0)"]
standard-no-fastapi-cloud-cli = ["email-validator (>=2.0.0)", "fastapi-cli[standard-no-fastapi-cloud-cli] (>=0.0.32)", "httpx (>=0.23.0,<1.0.0)", "jinja2 (>=3.1.5)", "pydantic-extra-types (>=2.0.0)", "pydantic-settings (>=2.0.0)", "python-multipart (>=0.0.18)", "uvicorn[standard] (>=0.12.0)"]

[[package]]
name = "h11"
version = "0.14.0"
description = "A pure-Python, bring-your-own-I/O implementation of HTTP/1.1"
optional = false
python-versions = ">=3.7"
groups = ["main"]
files = [
    {file = "h11-0.14.0-py3-none-any.whl", hash = "sha256:e3fe4ac4b851c468cc8363d500db52c2ead036020723024a109d37346efaa761"},
    {file = "h11-0.14.0.tar.gz", hash = "sha256:8f19fbbe99e72420ff35c00b27a34cb9937e902a8b810e2c88300c6f0a3b699d"},
]

[[package]]
name = "httpcore"
version = "1.0.7"
description = "A minimal low-level HTTP client."
optional = false
python-versions = ">=3.8"
groups = ["main"]
files = [
    {file = "httpcore-1.0.7-py3-none-any.whl", hash = "sha256:a3fff8f43dc260d5bd363d9f9cf1830fa3a458b332856f34282de498ed420edd"},
    {file = "httpcore-1.0.7.tar.gz", hash = "sha256:8551cb62a169ec7162ac7be8d4817d561f60e08eaa485234898414bb5a8a0b4c"},
]

[package.dependencies]
certifi = "*"
h11 = ">=0.13,<0.15"

[package.extras]
asyncio = ["anyio (>=4.0,<5.0)"]
http2 = ["h2 (>=3,<5)"]
socks = ["socksio (==1.*)"]
trio = ["trio (>=0.22.0,<1.0)"]

[[package]]
name = "httpx"
version = "0.28.1"
description = "The next generation HTTP client."
optional = false
python-versions = ">=3.8"
groups = ["main"]
files = [
    {file = "httpx-0.28.1-py3-none-any.whl", hash = "sha256:d909fcccc110f8c7faf814ca82a9a4d816bc5a6dbfea25d6591d6985b8ba59ad"},
    {file = "httpx-0.28.1.tar.gz", hash = "sha256:75e98c5f16b0f35b567856f597f06ff2270a374470a5c2392242528e3e3e42fc"},
]

[package.dependencies]
anyio = "*"
certifi = "*"
httpcore = "==1.*"
idna = "*"

[package.extras]
brotli = ["brotli ; platform_python_implementation == \"CPython\"", "brotlicffi ; platform_python_implementation != \"CPython\""]
cli = ["click (==8.*)", "pygments (==2.*)", "rich (>=10,<14)"]
http2 = ["h2 (>=3,<5)"]
socks = ["socksio (==1.*)"]
zstd = ["zstandard (>=0.18.0)"]

[[package]]
name = "idna"
version = "3.10"
description = "Internationalized Domain Names in Applications (IDNA)"
optional = false
python-versions = ">=3.6"
groups = ["main"]
files = [
    {file = "idna-3.10-py3-none-any.whl", hash = "sha256:946d195a0d259cbba61165e88e65941f16e9b36ea6ddb97f00452bae8b1287d3"},
    {file = "idna-3.10.tar.gz", hash = "sha256:12f65c9b470abda6dc35cf8e63cc574b1c52b11df2c86030af0ac09b01b13ea9"},
]

[package.extras]
all = ["flake8 (>=7.1.1)", "mypy (>=1.11.2)", "pytest (>=8.3.2)", "ruff (>=0.6.2)"]

[[package]]
name = "iniconfig"
version = "2.0.0"
description = "brain-dead simple config-ini parsing"
optional = false
python-versions = ">=3.7"
groups = ["main", "dev"]
files = [
    {file = "iniconfig-2.0.0-py3-none-any.whl", hash = "sha256:b6a85871a79d2e3b22d2d1b94ac2824226a63c6b741c88f7ae975f18b6778374"},
    {file = "iniconfig-2.0.0.tar.gz", hash = "sha256:2d91e135bf72d31a410b17c16da610a82cb55f6b0477d1a902134b24a455b8b3"},
]

[[package]]
name = "packaging"
version = "24.2"
description = "Core utilities for Python packages"
optional = false
python-versions = ">=3.8"
groups = ["main", "dev"]
files = [
    {file = "packaging-24.2-py3-none-any.whl", hash = "sha256:09abb1bccd265c01f4a3aa3f7a7db064b36514d2cba19a2f694fe6150451a759"},
    {file = "packaging-24.2.tar.gz", hash = "sha256:c228a6dc5e932d346bc5739379109d49e8853dd8223571c7c5b55260edc0b97f"},
]

[[package]]
name = "pluggy"
version = "1.5.0"
description = "plugin and hook calling mechanisms for python"
optional = false
python-versions = ">=3.8"
groups = ["main", "dev"]
files = [
    {file = "pluggy-1.5.0-py3-none-any.whl", hash = "sha256:44e1ad92c8ca002de6377e165f3e0f1be63266ab4d554740532335b9d75ea669"},
    {file = "pluggy-1.5.0.tar.gz", hash = "sha256:2cffa88e94fdc978c4c574f15f9e59b7f4201d439195c3715ca9e2486f1d0cf1"},
]

[package.extras]
dev = ["pre-commit", "tox"]
testing = ["pytest", "pytest-benchmark"]

[[package]]
name = "pydantic"
version = "2.14.0b2"
description = "Data validation using Python type hints"
optional = false
python-versions = ">=3.10"
groups = ["main"]
files = [
    {file = "pydantic-2.14.0b2-py3-none-any.whl", hash = "sha256:4556c932fb3dbb7e9ac773bee241b2eb7058a2f9ff1d850d45d7d11cb6e54b68"},
    {file = "pydantic-2.14.0b2.tar.gz", hash = "sha256:bb3b4bdb0c69e0eb349e43f07eddfd755547cae3aab3df34cc4c95caa44a5077"},
]

[package.dependencies]
annotated-types = ">=0.6.0"
pydantic-core = "2.49.0"
typing-extensions = ">=4.16.0"
typing-inspection = ">=0.4.4"

[package.extras]
email = ["email-validator (>=2.0.0)"]
timezone = ["tzdata ; platform_system == \"Windows\""]

[[package]]
name = "pydantic-core"
version = "2.49.0"
description = "Core functionality for Pydantic validation and serialization"
optional = false
python-versions = ">=3.10"
groups = ["main"]
files = [
    {file = "pydantic_core-2.49.0-cp310-cp310-macosx_10_12_x86_64.whl", hash = "sha256:68c53d957497e4001e4104c5fb64e90239461b128de0d5151bb8bc8053d70b4a"},
    {file = "pydantic_core-2.49.0-cp310-cp310-macosx_11_0_arm64.whl", hash = "sha256:ad272f556b10a7eb68b6240ea5777f59d89d59b780987459225ab8650681b373"},
    {file = "pydantic_core-2.49.0-cp310-cp310-manylinux_2_17_aarch64.manylinux2014_aarch64.whl", hash = "sha256:2aa0c16c7cd70865e3e13ccb5b48a73a847c98ccf2804692d812bb85a9fd3832"},
    {file = "pydantic_core-2.49.0-cp310-cp310-manylinux_2_17_armv7l.manylinux2014_armv7l.whl", hash = "sha256:6dac978538b8c4f61680da02fe11da8d04c3629eb16ddb49da797636256c9403"},
    {file = "pydantic_core-2.49.0-cp310-cp310-manylinux_2_17_ppc64le.manylinux2014_ppc64le.whl", hash = "sha256:b4f6b36f37436093e2ad2471118e9fa13055fc4dcd452ed4ced148c8d73684b9"},
    {file = "pydantic_core-2.49.0-cp310-cp310-manylinux_2_17_s390x.manylinux2014_s390x.whl", hash = "sha256:dc3d0cf03cee06dcb33a0ed73bb706d15c799684510dd1f8d4ce86cc03fbda91"},
    {file = "pydantic_core-2.49.0-cp310-cp310-manylinux_2_17_x86_64.manylinux2014_x86_64.whl", hash = "sha256:2005d526103ea0057f5e51d0b9c469234e890d8d8a76c4ec474696e4cab2449a"},
    {file = "pydantic_core-2.49.0-cp310-cp310-manylinux_2_31_riscv64.whl", hash = "sha256:d3eca18e218b10bb96d8d5cb441968ed4ccbcd83c89076f3c86cd5545e0b12ab"},
    {file = "pydantic_core-2.49.0-cp310-cp310-manylinux_2_5_i686.manylinux1_i686.whl", hash = "sha256:4db357431b1949628cd7dd326b92a5fcea1d693fa96848b3d2272d83b9f136e6"},
    {file = "pydantic_core-2.49.0-cp310-cp310-musllinux_1_1_aarch64.whl", hash = "sha256:7392a37a455f71e64a7cf70da1df89ece89f46c9163c4f7b8988e4de4012fb7f"},
    {file = "pydantic_core-2.49.0-cp310-cp310-musllinux_1_1_armv7l.whl", hash = "sha256:a4af8feff8bf9970b9cb7be1fd1613dcedf3a49233de37dee9198c962d30f661"},
    {file = "pydantic_core-2.49.0-cp310-cp310-musllinux_1_1_x86_64.whl", hash = "sha256:106a0a7b51b293662ff5380255bf8f4e215d7d6afa8e6588f3b9511621bf6b4f"},
    {file = "pydantic_core-2.49.0-cp310-cp310-win32.whl", hash = "sha256:458986e1d8ba85ba4b5c369c881a1f49ae9cc5b0c00231e13736b0c6557c1a3d"},
    {file = "pydantic_core-2.49.0-cp310-cp310-win_amd64.whl", hash = "sha256:592827666d336312d5fd3976b42be19501c51db69c420660e283b5d31aeb9733"},
    {file = "pydantic_core-2.49.0-cp311-cp311-macosx_10_12_x86_64.whl", hash = "sha256:c6a30b314e8d68a29c7c612ed91ea0f83c8b84f2d83750a7584d325ecca6bda3"},
    {file = "pydantic_core-2.49.0-cp311-cp311-macosx_11_0_arm64.whl", hash = "sha256:39adbfec1383df3ac7d8ae0df72e91b0fbf503f9786754ff8d0cb6cae0ae523c"},
    {file = "pydantic_core-2.49.0-cp311-cp311-manylinux_2_17_aarch64.manylinux2014_aarch64.whl", hash = "sha256:ca9c34cc98ce7776d4a1468dd281eb39a3af6fbb75faac5d69bd4c0ef22a2621"},
    {file = "pydantic_core-2.49.0-cp311-cp311-manylinux_2_17_armv7l.manylinux2014_armv7l.whl", hash = "sha256:f7e577bc4d08eb25c06f32f19726e3b2bbbb01a719873efbd4514ef7dc372729"},
    {file = "pydantic_core-2.49.0-cp311-cp311-manylinux_2_17_ppc64le.manylinux2014_ppc64le.whl", hash = "sha256:39b16867c2d305bb6997ecbaa09a6edec79be1f7dfa51e12778abd8d32275911"},
    {file = "pydantic_core-2.49.0-cp311-cp311-manylinux_2_17_s390x.manylinux2014_s390x.whl", hash = "sha256:b26764004a7bd6450769c47a470b0ce8984146baae7d0063ca70bfdbbb0e56dc"},
    {file = "pydantic_core-2.49.0-cp311-cp311-manylinux_2_17_x86_64.manylinux2014_x86_64.whl", hash = "sha256:bc3472058534dec5fe414cd7de626ecbc20330effe05de66cbfe36c6aaeb0d78"},
    {file = "pydantic_core-2.49.0-cp311-cp311-manylinux_2_31_riscv64.whl", hash = "sha256:890b0dabdac056908c45b79e07e6dfb51c1dbd7e769d7a4878cdfaf7d1e9ec76"},
    {file = "pydantic_core-2.49.0-cp311-cp311-manylinux_2_5_i686.manylinux1_i686.whl", hash = "sha256:477cdaf34c8ff40a17183397ea16be355c89b58a6939128ede251d75581ccde2"},
    {file = "pydantic_core-2.49.0-cp311-cp311-musllinux_1_1_aarch64.whl", hash = "sha256:813c1243fd93ee720edbfe771d9bf0cc5bc6d9bddc0acafb4c0085796471c2a4"},
    {file = "pydantic_core-2.49.0-cp311-cp311-musllinux_1_1_armv7l.whl", hash = "sha256:aec1570d4986f4ab000b0adac485c4b6bf5520b12305bae3defbe6a5e4816d55"},
    {file = "pydantic_core-2.49.0-cp311-cp311-musllinux_1_1_x86_64.whl", hash = "sha256:3a3e9b4167b5d7a355863846494b046af5071cbfc4f30c8554634b2796eb163f"},
    {file = "pydantic_core-2.49.0-cp311-cp311-win32.whl", hash = "sha256:3a147c3f4ff17f6ebd1120dab11b9bb7db318303dfd8d1a853fe167694f6bc9e"},
    {file = "pydantic_core-2.49.0-cp311-cp311-win_amd64.whl", hash = "sha256:dc35dfc110dd744e709824ea56453ca2ff8e4f8175c950485d4916f19689b4c6"},
    {file = "pydantic_core-2.49.0-cp311-cp311-win_arm64.whl", hash = "sha256:70507b191705d0ef220f85c915395109b439b8c9802a5e97645ac0e44288dc81"},
    {file = "pydantic_core-2.49.0-cp312-cp312-macosx_10_12_x86_64.whl", hash = "sha256:53794f62d97aa49b6b86b4114e06ae0ea0f4cdc72c29dfa76180e6ffa95a50f0"},
    {file = "pydantic_core-2.49.0-cp312-cp312-macosx_11_0_arm64.whl", hash = "sha256:f63e2bae46f4ba6353869c6441d81c027fce74a2edac1b20bfac2c0098581a27"},
    {file = "pydantic_core-2.49.0-cp312-cp312-manylinux_2_17_aarch64.manylinux2014_aarch64.whl", hash = "sha256:3928d009bdedbfe7eff17f1ec75871612b91786106c529137ea58d70770d02cf"},
    {file = "pydantic_core-2.49.0-cp312-cp312-manylinux_2_17_armv7l.manylinux2014_armv7l.whl", hash = "sha256:3c0cf7c39364028404ef953adaa126aaa037a20bdbb4c073c7f3b88814c30a34"},
    {file = "pydantic_core-2.49.0-cp312-cp312-manylinux_2_17_ppc64le.manylinux2014_ppc64le.whl", hash = "sha256:8846c1f9c02ec0b73ccaaa1fccecf98f323f2b230a7c6cb19c3917f35d38c4b7"},
    {file = "pydantic_core-2.49.0-cp312-cp312-manylinux_2_17_s390x.manylinux2014_s390x.whl", hash = "sha256:6d1433f3d022d1f946bda84bf50b83d9f0f77599e6bfe96c53b384a760b116fd"},
    {file = "pydantic_core-2.49.0-cp312-cp312-manylinux_2_17_x86_64.manylinux2014_x86_64.whl", hash = "sha256:5a807d09a516f93614bbc8e83401afdbe7325373d36ec54727f3f5147a57dd52"},
    {file = "pydantic_core-2.49.0-cp312-cp312-manylinux_2_31_riscv64.whl", hash = "sha256:7f2ff0f42e14b2694d99743dd8c808faa9fad989236e3b6bb6f0e19ab036d9b0"},
    {file = "pydantic_core-2.49.0-cp312-cp312-manylinux_2_5_i686.manylinux1_i686.whl", hash = "sha256:bdd922cbe6ba23c3c827f75ca692f881885009c83c7d0fc1fe0520d80ca36b33"},
    {file = "pydantic_core-2.49.0-cp312-cp312-musllinux_1_1_aarch64.whl", hash = "sha256:119505798feabc587642e03579a9acff7da6ef6816a70ef2de50960037b4b0c8"},
    {file = "pydantic_core-2.49.0-cp312-cp312-musllinux_1_1_armv7l.whl", hash = "sha256:45137bb8182ae8b8631550d54d82d654db7e8bcbff2a8ebce5e56c85e25fc7ab"},
    {file = "pydantic_core-2.49.0-cp312-cp312-musllinux_1_1_x86_64.whl", hash = "sha256:c8b4390b0e79235acb8c4d2337e76efdf00fd17936b19227726ec63f23840acb"},
    {file = "pydantic_core-2.49.0-cp312-cp312-win32.whl", hash = "sha256:dcdc5148510e5ada01ce89d52f86cd50a04dfcdc7f689d2607e72cbfe307e594"},
    {file = "pydantic_core-2.49.0-cp312-cp312-win_amd64.whl", hash = "sha256:5ab1f5555c083b9bc6aae809beb00aef77e81a10dbbd16a6da9ad239620468cd"},
    {file = "pydantic_core-2.49.0-cp312-cp312-win_arm64.whl", hash = "sha256:1af1d427be9a0bc55fd20015a1f61ffb3bcb7ddec83cae03f27b1a833893688c"},
    {file = "pydantic_core-2.49.0-cp313-cp313-macosx_10_12_x86_64.whl", hash = "sha256:e4e460a2709fc62802409c2ace7935d76087f317f907884da660e580a9bcda06"},
    {file = "pydantic_core-2.49.0-cp313-cp313-macosx_11_0_arm64.whl", hash = "sha256:c5e9b40518489f5bf6bf8e2cb4f2ea7ae935fb063c4d18d2593d52db136ed7b1"},
    {file = "pydantic_core-2.49.0-cp313-cp313-manylinux_2_17_aarch64.manylinux2014_aarch64.whl", hash = "sha256:52984e1335adb925c6089a44d167668a1f8cc6bbbca25657936e51922c0d07bc"},
    {file = "pydantic_core-2.49.0-cp313-cp313-manylinux_2_17_armv7l.manylinux2014_armv7l.whl", hash = "sha256:60c30f0977f6bf6d74c81f5c797f862724cf59ad5d7ff37f3eab9595994f6261"},
    {file = "pydantic_core-2.49.0-cp313-cp313-manylinux_2_17_ppc64le.manylinux2014_ppc64le.whl", hash = "sha256:7a4b87881bcdde33caa8d1900cef4166ea34575f1926c390b8f486ce911cba82"},
    {file = "pydantic_core-2.49.0-cp313-cp313-manylinux_2_17_s390x.manylinux2014_s390x.whl", hash = "sha256:062c2a4b2de23bfa10418fafe63d8873c9f95780dcd5bf6ae66537b44e40f3ed"},
    {file = "pydantic_core-2.49.0-cp313-cp313-manylinux_2_17_x86_64.manylinux2014_x86_64.whl", hash = "sha256:60550432855bc323ce9aa813e14e0bf2b806de59727aab850a1c83c0fd7dc0c1"},
    {file = "pydantic_core-2.49.0-cp313-cp313-manylinux_2_31_riscv64.whl", hash = "sha256:0bb4a60b0abdb41c237e28fd8c86e223d2994143ed863d0168c0b03b759d2620"},
    {file = "pydantic_core-2.49.0-cp313-cp313-manylinux_2_5_i686.manylinux1_i686.whl", hash = "sha256:c33ecdec5779328131e575ec133ea4a134370058c9a8f6b7c80761c5f992389b"},
    {file = "pydantic_core-2.49.0-cp313-cp313-musllinux_1_1_aarch64.whl", hash = "sha256:2b72dc8f8dba268bcb040c2cb715e96de9a69299d1d0b60ca4e12517f10b8834"},
    {file = "pydantic_core-2.49.0-cp313-cp313-musllinux_1_1_armv7l.whl", hash = "sha256:64804fc948c723dbf763a40d0747e7a73807667148831a836e5b856259247837"},
    {file = "pydantic_core-2.49.0-cp313-cp313-musllinux_1_1_x86_64.whl", hash = "sha256:4a801a8410e16e22a231aef577127fcf02c85ee237a1b73cb0790173be700b3e"},
    {file = "pydantic_core-2.49.0-cp313-cp313-win32.whl", hash = "sha256:3cdd59f86a24c7ae250ecb02d94f2ce764ba32b139c24029c23637fcb7670f36"},
    {file = "pydantic_core-2.49.0-cp313-cp313-win_amd64.whl", hash = "sha256:92503a642b207cf9d085f4f79f9b66c972208262bb1b12bca95c3a0c6deddea3"},
    {file = "pydantic_core-2.49.0-cp313-cp313-win_arm64.whl", hash = "sha256:f45ddfdf69dac79736c3365f4b73a5f849f488c427535bc426d685a6101c68ff"},
    {file = "pydantic_core-2.49.0-cp314-cp314-macosx_10_12_x86_64.whl", hash = "sha256:96a548e9243889fec7622abb7e10d362a33f755ffff5092874f3dc0e8e05cc10"},
    {file = "pydantic_core-2.49.0-cp314-cp314-macosx_11_0_arm64.whl", hash = "sha256:7cab96cc03d0bdb31b4d1130f65004f496558b267073df3fe65d4981276819a3"},
    {file = "pydantic_core-2.49.0-cp314-cp314-manylinux_2_17_aarch64.manylinux2014_aarch64.whl", hash = "sha256:3aa610f5abbe154fb35eca0b060351b9f8b6e5e7de63a0ab8a3f14f9304c01f3"},
    {file = "pydantic_core-2.49.0-cp314-cp314-manylinux_2_17_armv7l.manylinux2014_armv7l.whl", hash = "sha256:0c3f75d3b7a818d57ae45693358508d1d0e809ac2dae05bf5bbd3c687bc75110"},
    {file = "pydantic_core-2.49.0-cp314-cp314-manylinux_2_17_ppc64le.manylinux2014_ppc64le.whl", hash = "sha256:ea008d686f2c3b0fb9a306a4ea81201344cd4e1a93026017d469b1211721dd46"},
    {file = "pydantic_core-2.49.0-cp314-cp314-manylinux_2_17_s390x.manylinux2014_s390x.whl", hash = "sha256:db9453ac96ef4e0e9da1ce1b62e5595af1ad2d55bd1dcdfef595d0515d2d3995"},
    {file = "pydantic_core-2.49.0-cp314-cp314-manylinux_2_17_x86_64.manylinux2014_x86_64.whl", hash = "sha256:82f8bd51e8d3baebf622b52469bdc316c6c1c6e48102d33c76611f37f5924582"},
    {file = "pydantic_core-2.49.0-cp314-cp314-manylinux_2_31_riscv64.whl", hash = "sha256:7e912019d9262611ea419a0e440e552b5d41f3671d2d88b96a99ef67b6d3ad71"},
    {file = "pydantic_core-2.49.0-cp314-cp314-manylinux_2_5_i686.manylinux1_i686.whl", hash = "sha256:98e0f4f424fed81b72345b8a249ab8a6bf40f2faf5caa96b8bede344a755ec61"},
    {file = "pydantic_core-2.49.0-cp314-cp314-musllinux_1_1_aarch64.whl", hash = "sha256:13b5a234f4f0332f509396c8127c92b90674e4f2636d9d67a7be1a8537e2439c"},
    {file = "pydantic_core-2.49.0-cp314-cp314-musllinux_1_1_armv7l.whl", hash = "sha256:0014dd75b23f336314956bed232bda1b0138be774bb66746f9c01f7a651d6532"},
    {file = "pydantic_core-2.49.0-cp314-cp314-musllinux_1_1_x86_64.whl", hash = "sha256:6aef64b4b948db5c243d184a92326a4666b0467d9f6503f68d048b23ba18a928"},
    {file = "pydantic_core-2.49.0-cp314-cp314-pyemscripten_2026_0_wasm32.whl", hash = "sha256:62535ce2294441c986da1aeb743f7255ac99f3e0a3119bd8c44b36406d9f3721"},
    {file = "pydantic_core-2.49.0-cp314-cp314-win32.whl", hash = "sha256:db47b8fa2f99ade35e3d3d05ca62245e7431c9c8528578aaf3a937602b87a314"},
    {file = "pydantic_core-2.49.0-cp314-cp314-win_amd64.whl", hash = "sha256:46836736bca8a7ebab55d0ea76cd04e89bae0ea3d6dcfdedcd1bb1b1244a4239"},
    {file = "pydantic_core-2.49.0-cp314-cp314-win_arm64.whl", hash = "sha256:bbc789b2b36baba17377ab63f3dcbbaa8e3a72e5f2963ee24ff4aeb7e9a9bb91"},
    {file = "pydantic_core-2.49.0-cp314-cp314t-macosx_10_12_x86_64.whl", hash = "sha256:d629945094190237ec0b3a6d7656ec13b6d2711ac62998005adf5a4ebfe7b836"},
    {file = "pydantic_core-2.49.0-cp314-cp314t-macosx_11_0_arm64.whl", hash = "sha256:4fe53ec1ed34aa8e3db349305c38202711ef3009ae5ee9956e69032aeab246d5"},
    {file = "pydantic_core-2.49.0-cp314-cp314t-manylinux_2_17_aarch64.manylinux2014_aarch64.whl", hash = "sha256:0e9956faf9840dbdce5a88c2a68fd28c3cdb16eac41ac5f85831291762021805"},
    {file = "pydantic_core-2.49.0-cp314-cp314t-manylinux_2_17_armv7l.manylinux2014_armv7l.whl", hash = "sha256:40ca7e5bddc63dea88aa3f9778d75dffe725d79d167398dde33f41f10034a0eb"},
    {file = "pydantic_core-2.49.0-cp314-cp314t-manylinux_2_17_ppc64le.manylinux2014_ppc64le.whl", hash = "sha256:801d35337e6f732db4598e5a7cccb235be6bbac6ec03734e6bd731412e2fbbc1"},
    {file = "pydantic_core-2.49.0-cp314-cp314t-manylinux_2_17_s390x.manylinux2014_s390x.whl", hash = "sha256:f45d6552e58e13015105bea5b8c6d012ac547e1b3c5d653b094daacc8c7de1d6"},
    {file = "pydantic_core-2.49.0-cp314-cp314t-manylinux_2_17_x86_64.manylinux2014_x86_64.whl", hash = "sha256:a716ed58512bd33bd9736e245db15acfec542e54d10623b9faa42632404efcc8"},
    {file = "pydantic_core-2.49.0-cp314-cp314t-manylinux_2_31_riscv64.whl", hash = "sha256:ab7a65a669a03400507b4e573119ba3b26e156797526e71669476de8605bbe1d"},
    {file = "pydantic_core-2.49.0-cp314-cp314t-manylinux_2_5_i686.manylinux1_i686.whl", hash = "sha256:ab51a50fbe2bd45c649dc0e8624fbef5cb9553e046ad1cf7fb658b6c8b0273de"},
    {file = "pydantic_core-2.49.0-cp314-cp314t-musllinux_1_1_aarch64.whl", hash = "sha256:813081b90803d858f6917f46b16fc4b47de679a2e76058570a4a46344305b650"},
    {file = "pydantic_core-2.49.0-cp314-cp314t-musllinux_1_1_armv7l.whl", hash = "sha256:e2b3e73c7a6cf2ed5ac8ab57aece1feff46c709c60cc88602bebd29f733ad340"},
    {file = "pydantic_core-2.49.0-cp314-cp314t-musllinux_1_1_x86_64.whl", hash = "sha256:ee165057e76dc133b18726f2283036d3cccdbe70613b940d73c729d51b011b81"},
    {file = "pydantic_core-2.49.0-cp314-cp314t-win32.whl", hash = "sha256:7d75adfd02d96906d33ba637e1d873078d46a531ac4efe2e373220c4505c8caf"},
    {file = "pydantic_core-2.49.0-cp314-cp314t-win_amd64.whl", hash = "sha256:ce79aaa77a6fc6f2784f3c87933aca2e61b6cec5a89d91c730fc051379f181a5"},
    {file = "pydantic_core-2.49.0-cp314-cp314t-win_arm64.whl", hash = "sha256:dbf8be064709ef364b68acc7b753dbe044ca01d2875afdad50222ae3ce7bc374"},
    {file = "pydantic_core-2.49.0-cp315-cp315-macosx_10_12_x86_64.whl", hash = "sha256:1acfae18c0fc6855e4586d2b7cc10393e921f883c56c1ea4eb75115a7b344552"},
    {file = "pydantic_core-2.49.0-cp315-cp315-macosx_11_0_arm64.whl", hash = "sha256:adae5a2f5f7c5d6307c360cc1f1cc3b1d91961b23c25c44dee5066ea039bddfc"},
    {file = "pydantic_core-2.49.0-cp315-cp315-manylinux_2_17_aarch64.manylinux2014_aarch64.whl", hash = "sha256:c6ce996aeae20af75fb1f0b69201bf0fc2936783533e0f1f171ab7cda6e5ed14"},
    {file = "pydantic_core-2.49.0-cp315-cp315-manylinux_2_17_armv7l.manylinux2014_armv7l.whl", hash = "sha256:19310addacce11fd11f181eda18f2f190cdce0150b0808399756e1a530430c17"},
    {file = "pydantic_core-2.49.0-cp315-cp315-manylinux_2_17_ppc64le.manylinux2014_ppc64le.whl", hash = "sha256:51a7e44c0fc802de672cd34bc3fa283bdf6a5c0e975413d124181573e3b9a28b"},
    {file = "pydantic_core-2.49.0-cp315-cp315-manylinux_2_17_s390x.manylinux2014_s390x.whl", hash = "sha256:376340e6682b4d9ea85c72636014c9487826f55fc93228aa308920e6db440a4e"},
    {file = "pydantic_core-2.49.0-cp315-cp315-manylinux_2_17_x86_64.manylinux2014_x86_64.whl", hash = "sha256:7123c611f3933dc66a8e587c6c255acdaac20aeb1b2505ac01fe59c1f9b7b83e"},
    {file = "pydantic_core-2.49.0-cp315-cp315-manylinux_2_31_riscv64.whl", hash = "sha256:6165e75e29c361b8d4077a19c3a9a98f93d019522f952c13a6c8ff680a40fa0b"},
    {file = "pydantic_core-2.49.0-cp315-cp315-manylinux_2_5_i686.manylinux1_i686.whl", hash = "sha256:8b9ade32c16df4ad98c72fa08a6558a06534f00d3dabffc2abec8fe6d3c3e242"},
    {file = "pydantic_core-2.49.0-cp315-cp315-musllinux_1_1_aarch64.whl", hash = "sha256:5bf86181aab670eb9c3b1a3e84342bc934134b50b9c08f39aa56e66fd3c4f6d2"},
    {file = "pydantic_core-2.49.0-cp315-cp315-musllinux_1_1_armv7l.whl", hash = "sha256:73407e73aca3383df974bb69a02ae426371f477cee0bc868361014fc5a86dd0b"},
    {file = "pydantic_core-2.49.0-cp315-cp315-musllinux_1_1_x86_64.whl", hash = "sha256:58cd25e42316673b5614d6bb0ccee0ec15d9dc60182ab967807dc0e222578ce2"},
    {file = "pydantic_core-2.49.0-cp315-cp315-win32.whl", hash = "sha256:2f9df5909999efe8f84aa28ef3249b12c9801911a8a7be8f386792220c831af4"},
    {file = "pydantic_core-2.49.0-cp315-cp315-win_amd64.whl", hash = "sha256:24ce45e6967bb2ac68f1f1c199dec05399d32bc826342f455035afcbda5ab3f5"},
    {file = "pydantic_core-2.49.0-cp315-cp315-win_arm64.whl", hash = "sha256:531d351eaaece0a6bcc535d80bdbaf9d0db78ad4752ff737216c70dfea7887e5"},
    {file = "pydantic_core-2.49.0-cp315-cp315t-macosx_10_12_x86_64.whl", hash = "sha256:b1cda2c0c0c646d36745425eff94f78ef3df58489c78316181a6caa8cdfd9cc2"},
    {file = "pydantic_core-2.49.0-cp315-cp315t-macosx_11_0_arm64.whl", hash = "sha256:a5de408dc8b8da86665d402746c84f8258874410c11fead98f4ab6a74db29b96"},
    {file = "pydantic_core-2.49.0-cp315-cp315t-manylinux_2_17_aarch64.manylinux2014_aarch64.whl", hash = "sha256:af8507908c84da92eacb366586a455080a237003497d19b0738c4d5b187a3cbb"},
    {file = "pydantic_core-2.49.0-cp315-cp315t-manylinux_2_17_armv7l.manylinux2014_armv7l.whl", hash = "sha256:04106a4dfb7c40a0a61834c25f43f121fdb494978657015c9e3847124bd5813a"},
    {file = "pydantic_core-2.49.0-cp315-cp315t-manylinux_2_17_ppc64le.manylinux2014_ppc64le.whl", hash = "sha256:69bdb8c9ad333b29118f1e85f79c476d739c1ccd14d9d0042d6b4b710dfd2698"},
    {file = "pydantic_core-2.49.0-cp315-cp315t-manylinux_2_17_s390x.manylinux2014_s390x.whl", hash = "sha256:35473d3949d065d78c0c039de13ea60bbf6b9fc9d274f62d14500544bbf7374f"},
    {file = "pydantic_core-2.49.0-cp315-cp315t-manylinux_2_17_x86_64.manylinux2014_x86_64.whl", hash = "sha256:3faf66e8ff6c3c86cc5bfab0b61541a389b30540b5e06aa62c0562d3403be098"},
    {file = "pydantic_core-2.49.0-cp315-cp315t-manylinux_2_31_riscv64.whl", hash = "sha256:321c2a9f7c99afb97773fdf003df9a54569b17c2d067bb04109571c307a9c599"},
    {file = "pydantic_core-2.49.0-cp315-cp315t-manylinux_2_5_i686.manylinux1_i686.whl", hash = "sha256:c7ff90e1f4162377af38b0381c7f95353228206e76aa8c3eabf9945f1409461f"},
    {file = "pydantic_core-2.49.0-cp315-cp315t-musllinux_1_1_aarch64.whl", hash = "sha256:80c23a141ff99bfe21749f668784ecacf0e0347740bb541bbbe03523450edcd7"},
    {file = "pydantic_core-2.49.0-cp315-cp315t-musllinux_1_1_armv7l.whl", hash = "sha256:bdc94de8d11ebeb704d6696641164a8ad4640616f407569d41330eb9390408bd"},
    {file = "pydantic_core-2.49.0-cp315-cp315t-musllinux_1_1_x86_64.whl", hash = "sha256:2b2af00c6d1736f5a18e812252fd48a756814424b519d0ed876feb253ea2cdc4"},
    {file = "pydantic_core-2.49.0-cp315-cp315t-win32.whl", hash = "sha256:e7a6af029d80758314e9363a36652944002faff7f1cf6c5add11f5ab15ef3170"},
    {file = "pydantic_core-2.49.0-cp315-cp315t-win_amd64.whl", hash = "sha256:38f28fe80d8b0d193c83b4f93f1e2a70ce8bbc1e107ccff43853d6eecfe1c683"},
    {file = "pydantic_core-2.49.0-cp315-cp315t-win_arm64.whl", hash = "sha256:4d8a90e645670ac9e2e59a9188b3c30b4aff56229535050c5b355cbbe7711e49"},
    {file = "pydantic_core-2.49.0-graalpy311-graalpy242_311_native-macosx_10_12_x86_64.whl", hash = "sha256:0b93de748aa4a13ec72384ecca7e9fa52e2983b154b5f878621097bb25ac71ec"},
    {file = "pydantic_core-2.49.0-graalpy311-graalpy242_311_native-macosx_11_0_arm64.whl", hash = "sha256:a1bc9d4ae658b3309e354a6cf70e300ca69d680f05235ec8945f4e2d8c05e246"},
    {file = "pydantic_core-2.49.0-graalpy311-graalpy242_311_native-manylinux_2_17_aarch64.manylinux2014_aarch64.whl", hash = "sha256:5a8c26d1a86d4f078d363e6b97608db340deb6336dd2bbbf45b8f0f88c1db4d1"},
    {file = "pydantic_core-2.49.0-graalpy311-graalpy242_311_native-manylinux_2_17_x86_64.manylinux2014_x86_64.whl", hash = "sha256:7fd7218d785928c2c57b5f4c3682745f106b4192b7647372c1e6d1109d309c81"},
    {file = "pydantic_core-2.49.0-graalpy312-graalpy250_312_native-macosx_10_12_x86_64.whl", hash = "sha256:59c1594065e4a95a055c74e659e81d098ab028e439fdcd1ed5d4d3d97a3472b9"},
    {file = "pydantic_core-2.49.0-graalpy312-graalpy250_312_native-macosx_11_0_arm64.whl", hash = "sha256:2b0e0c56cb113441a93ce198cf8b515edb5f670905cbe66f35c26d78bd9bb30a"},
    {file = "pydantic_core-2.49.0-graalpy312-graalpy250_312_native-manylinux_2_17_aarch64.manylinux2014_aarch64.whl", hash = "sha256:8c658588d0f4d59a668e8f0e854672a528a92018ad379b40886723a429ca9273"},
    {file = "pydantic_core-2.49.0-graalpy312-graalpy250_312_native-manylinux_2_17_x86_64.manylinux2014_x86_64.whl", hash = "sha256:327648d97e9d64e1a4a9be16e882715fa6fb2fe83c405f577018beedb0e699d5"},
    {file = "pydantic_core-2.49.0-pp311-pypy311_pp73-macosx_10_12_x86_64.whl", hash = "sha256:68639bdfc4475b1497debc0f70f01c04b2544730a819ebbde6113172e0a1a13e"},
    {file = "pydantic_core-2.49.0-pp311-pypy311_pp73-macosx_11_0_arm64.whl", hash = "sha256:cbe55c9da4521be16f79c91618d7c3f9471d9302d6495d6f52cf97c36d054f49"},
    {file = "pydantic_core-2.49.0-pp311-pypy311_pp73-manylinux_2_17_x86_64.manylinux2014_x86_64.whl", hash = "sha256:5597c5695fbc75cf5d624b7600eebfb0e1f2280e4e7a1aa3ecc2636ce5156d64"},
    {file = "pydantic_core-2.49.0-pp311-pypy311_pp73-manylinux_2_5_i686.manylinux1_i686.whl", hash = "sha256:e2d59dc834612f4846d823d29d90d9de5527efdb46b51fa661e9dcfe853e8211"},
    {file = "pydantic_core-2.49.0-pp311-pypy311_pp73-musllinux_1_1_aarch64.whl", hash = "sha256:f391937c761ae69e5416b8900a8441b78baa334349e068be9d72ebb3006d62aa"},
    {file = "pydantic_core-2.49.0-pp311-pypy311_pp73-musllinux_1_1_armv7l.whl", hash = "sha256:3c6cba4051e8b473151e2f745e70d2f5e9e24389c38be835d5dca90a5ff31389"},
    {file = "pydantic_core-2.49.0-pp311-pypy311_pp73-musllinux_1_1_x86_64.whl", hash = "sha256:f4052ef252d9225562f73c6235a8606ea3735f7f24a07c6dc08af3567eb2031b"},
    {file = "pydantic_core-2.49.0-pp311-pypy311_pp73-win_amd64.whl", hash = "sha256:a7826bda0f21625499db4c9b46a60025f2c83f7b6139c777a21e9c2c5e1a67c5"},
    {file = "pydantic_core-2.49.0.tar.gz", hash = "sha256:67440399d87a2c160ddff9dc013d12812785cfde18b648a295d57043f034a9fb"},
]

[package.dependencies]
typing-extensions = ">=4.16.0"

[[package]]
name = "pygments"
version = "2.21.0"
description = "Pygments is a syntax highlighting package written in Python."
optional = false
python-versions = ">=3.9"
groups = ["main", "dev"]
files = [
    {file = "pygments-2.21.0-py3-none-any.whl", hash = "sha256:2363c69b61c4a97c838da3b130dcd6468f4848992b21a82f2a63ec34377137d9"},
    {file = "pygments-2.21.0.tar.gz", hash = "sha256:610ca751c9bc2492b38eb9a38a7fbc93edbbb2d7182edaf34e66ae493dee5c8c"},
]

[package.extras]
windows-terminal = ["colorama (>=0.4.6)"]

[[package]]
name = "pytest"
version = "8.4.2"
description = "pytest: simple powerful testing with Python"
optional = false
python-versions = ">=3.9"
groups = ["main", "dev"]
files = [
    {file = "pytest-8.4.2-py3-none-any.whl", hash = "sha256:872f880de3fc3a5bdc88a11b39c9710c3497a547cfa9320bc3c5e62fbf272e79"},
    {file = "pytest-8.4.2.tar.gz", hash = "sha256:86c0d0b93306b961d58d62a4db4879f27fe25513d4b969df351abdddb3c30e01"},
]

[package.dependencies]
colorama = {version = ">=0.4", markers = "sys_platform == \"win32\""}
iniconfig = ">=1"
packaging = ">=20"
pluggy = ">=1.5,<2"
pygments = ">=2.7.2"

[package.extras]
dev = ["argcomplete", "attrs (>=19.2)", "hypothesis (>=3.56)", "mock", "requests", "setuptools", "xmlschema"]

[[package]]
name = "pytest-cov"
version = "6.3.0"
description = "Pytest plugin for measuring coverage."
optional = false
python-versions = ">=3.9"
groups = ["main"]
files = [
    {file = "pytest_cov-6.3.0-py3-none-any.whl", hash = "sha256:440db28156d2468cafc0415b4f8e50856a0d11faefa38f30906048fe490f1749"},
    {file = "pytest_cov-6.3.0.tar.gz", hash = "sha256:35c580e7800f87ce892e687461166e1ac2bcb8fb9e13aea79032518d6e503ff2"},
]

[package.dependencies]
coverage = {version = ">=7.5", extras = ["toml"]}
pluggy = ">=1.2"
pytest = ">=6.2.5"

[package.extras]
testing = ["fields", "hunter", "process-tests", "pytest-xdist", "virtualenv"]

[[package]]
name = "sniffio"
version = "1.3.1"
description = "Sniff out which async library your code is running under"
optional = false
python-versions = ">=3.7"
groups = ["main"]
files = [
    {file = "sniffio-1.3.1-py3-none-any.whl", hash = "sha256:2f6da418d1f1e0fddd844478f41680e794e6051915791a034ff65e5f100525a2"},
    {file = "sniffio-1.3.1.tar.gz", hash = "sha256:f4324edc670a0f49750a81b895f35c3adb843cca46f0530f79fc1babb23789dc"},
]

[[package]]
name = "starlette"
version = "0.46.0"
description = "The little ASGI library that shines."
optional = false
python-versions = ">=3.9"
groups = ["main"]
files = [
    {file = "starlette-0.46.0-py3-none-any.whl", hash = "sha256:913f0798bd90ba90a9156383bcf1350a17d6259451d0d8ee27fc0cf2db609038"},
    {file = "starlette-0.46.0.tar.gz", hash = "sha256:b359e4567456b28d473d0193f34c0de0ed49710d75ef183a74a5ce0499324f50"},
]

[package.dependencies]
anyio = ">=3.6.2,<5"

[package.extras]
full = ["httpx (>=0.27.0,<0.29.0)", "itsdangerous", "jinja2", "python-multipart (>=0.0.18)", "pyyaml"]

[[package]]
name = "typing-extensions"
version = "4.16.0"
description = "Backported and Experimental Type Hints for Python 3.9+"
optional = false
python-versions = ">=3.9"
groups = ["main"]
files = [
    {file = "typing_extensions-4.16.0-py3-none-any.whl", hash = "sha256:481caa481374e813c1b176ada14e97f1f67a4539ce9cfeb3f350d78d6370c2e8"},
    {file = "typing_extensions-4.16.0.tar.gz", hash = "sha256:dc983d19a509c94dba722ee6abd33940f7c05a89e243c47e907eb4db6f1a43e5"},
]

[[package]]
name = "typing-inspection"
version = "0.4.4"
description = "Runtime typing introspection tools"
optional = false
python-versions = ">=3.10"
groups = ["main"]
files = [
    {file = "typing_inspection-0.4.4-py3-none-any.whl", hash = "sha256:65b8397ba37ccbce054456aaccddfc91e6e3083c92824df348d96ca832f3f147"},
    {file = "typing_inspection-0.4.4.tar.gz", hash = "sha256:547274fa6b0a561ccf549cc9524b999a578e737d015d8709d021f9d0d13bea47"},
]

[package.dependencies]
typing-extensions = ">=4.15.0"

[metadata]
lock-version = "2.1"
python-versions = "^3.12"
content-hash = "d397e0adfae16ed1703b3d5db2189f290bdc40223078ace515c3ae0d1a52b633"
